
Microsoft Visual Studio Solution File, Format Version 12.00
# Visual Studio 2013
VisualStudioVersion = 12.0.31101.0
MinimumVisualStudioVersion = 10.0.40219.1
Project("{2150E333-8FDC-42A3-9474-1A3956D46DE8}") = "FrontEnd", "FrontEnd", "{E5E18E0E-886F-47F8-B3D6-5345D70BED5D}"
EndProject
Project("{2150E333-8FDC-42A3-9474-1A3956D46DE8}") = "Common", "Common", "{9C6396EE-90F4-4263-A048-49DF9A67A624}"
EndProject
Project("{2150E333-8FDC-42A3-9474-1A3956D46DE8}") = "BackEnd", "BackEnd", "{45A68AF4-E245-4D8E-910A-B6A21D084D36}"
EndProject
Project("{2150E333-8FDC-42A3-9474-1A3956D46DE8}") = "MiddleEnd", "MiddleEnd", "{5775FF1E-EB83-4920-AAD6-565E122D2407}"
EndProject
Project("{2150E333-8FDC-42A3-9474-1A3956D46DE8}") = "DAL", "DAL", "{6450DD6E-D77D-4BC6-8476-D2D1613053B9}"
EndProject
Project("{2150E333-8FDC-42A3-9474-1A3956D46DE8}") = "BLL", "BLL", "{31D6EF4E-22DA-44C1-9BE3-CA500F10AE03}"
EndProject
Project("{2150E333-8FDC-42A3-9474-1A3956D46DE8}") = "Entities", "Entities", "{4CB2D6FA-0ED5-41EB-95D9-E841AAD60660}"
EndProject
Project("{2150E333-8FDC-42A3-9474-1A3956D46DE8}") = ".nuget", ".nuget", "{2ADB8DA4-AEC4-43B0-A1D5-725845412966}"
	ProjectSection(SolutionItems) = preProject
		.nuget\NuGet.Config = .nuget\NuGet.Config
		.nuget\NuGet.exe = .nuget\NuGet.exe
		.nuget\NuGet.targets = .nuget\NuGet.targets
	EndProjectSection
EndProject
Project("{2150E333-8FDC-42A3-9474-1A3956D46DE8}") = "Tests", "Tests", "{2E92A703-72E1-4E15-94C9-4BE27FA8091D}"
EndProject
Project("{CC5FD16D-436D-48AD-A40C-5A424C6E3E79}") = "ClickBerryPortal", "ClickBerryPortal\ClickBerryPortal.ccproj", "{4CF12607-355B-4D7F-A6E5-65C8EC54195F}"
EndProject
Project("{FAE04EC0-301F-11D3-BF4B-00C04F79EFBC}") = "Portal.Web", "FrontEnd\Portal.Web\Portal.Web.csproj", "{658CC64F-B755-4BA1-99B0-591954D31743}"
EndProject
Project("{FAE04EC0-301F-11D3-BF4B-00C04F79EFBC}") = "Portal.BackEnd.WorkerRole", "BackEnd\Portal.BackEnd.WorkerRole\Portal.BackEnd.WorkerRole.csproj", "{DC941C88-803C-4E56-BDFE-B72A1F8377AD}"
EndProject
Project("{FAE04EC0-301F-11D3-BF4B-00C04F79EFBC}") = "MediaInfoLibrary", "Common\MediaInfoLibrary\MediaInfoLibrary.csproj", "{CE11B657-268A-4FBA-A110-2A92E4FE53C4}"
EndProject
Project("{FAE04EC0-301F-11D3-BF4B-00C04F79EFBC}") = "Configuration.Azure", "Common\Configuration.Azure\Configuration.Azure.csproj", "{4A796F62-28BC-4F45-A570-5C2CDC4A53A1}"
EndProject
Project("{FAE04EC0-301F-11D3-BF4B-00C04F79EFBC}") = "Portal.Api", "FrontEnd\Portal.Api\Portal.Api.csproj", "{FCA69456-287E-4D31-B555-EB3D3D6D33B7}"
EndProject
Project("{FAE04EC0-301F-11D3-BF4B-00C04F79EFBC}") = "Portal.Domain", "Entities\Portal.Domain\Portal.Domain.csproj", "{3EF05A0E-98C0-4C87-8098-86D7FDEA8A3F}"
EndProject
Project("{FAE04EC0-301F-11D3-BF4B-00C04F79EFBC}") = "FileInformation", "Common\File.Information\FileInformation.csproj", "{F8B7340E-4A33-4DB9-B29C-0E6259F2D8B6}"
EndProject
Project("{FAE04EC0-301F-11D3-BF4B-00C04F79EFBC}") = "Portal.Resources", "FrontEnd\Portal.Resources\Portal.Resources.csproj", "{BC19BEEE-9F24-4DE3-AC41-524AC046B2CF}"
EndProject
Project("{FAE04EC0-301F-11D3-BF4B-00C04F79EFBC}") = "Portal.DTO", "Entities\Portal.DTO\Portal.DTO.csproj", "{A55EE877-C49A-49C1-8943-2FBD6061207E}"
EndProject
Project("{FAE04EC0-301F-11D3-BF4B-00C04F79EFBC}") = "Wrappers", "Common\Wrappers\Wrappers.csproj", "{9E8F2D2D-B074-4D22-A271-8BD911C3AF6A}"
EndProject
Project("{FAE04EC0-301F-11D3-BF4B-00C04F79EFBC}") = "Portal.BackEnd.Encoder", "BackEnd\Portal.BackEnd.Encoder\Portal.BackEnd.Encoder.csproj", "{98512880-701E-4798-AC96-EB9B2659DCC7}"
EndProject
Project("{FAE04EC0-301F-11D3-BF4B-00C04F79EFBC}") = "MiddleEnd.Api", "MiddleEnd\MiddleEnd.Api\MiddleEnd.Api.csproj", "{735D5507-702D-40AD-AE9A-FC5B1792ABB0}"
EndProject
Project("{FAE04EC0-301F-11D3-BF4B-00C04F79EFBC}") = "Asp.Infrastructure", "Common\Asp.Infrastructure\Asp.Infrastructure.csproj", "{DA03C85E-6BF2-4EC1-BD13-DBFC5A3B3018}"
EndProject
Project("{FAE04EC0-301F-11D3-BF4B-00C04F79EFBC}") = "Portal.DAL", "DAL\Portal.DAL\Portal.DAL.csproj", "{9D7C61A2-BFDC-4638-8DA8-FF69526AA0CD}"
EndProject
Project("{FAE04EC0-301F-11D3-BF4B-00C04F79EFBC}") = "Portal.DAL.Azure", "DAL\Portal.DAL.Azure\Portal.DAL.Azure.csproj", "{16C53383-42A7-4855-9E3A-5A473EA8716D}"
EndProject
Project("{FAE04EC0-301F-11D3-BF4B-00C04F79EFBC}") = "Portal.BLL", "BLL\Portal.BLL\Portal.BLL.csproj", "{7DBEA20E-3095-4D37-B651-0C172D2A3598}"
EndProject
Project("{FAE04EC0-301F-11D3-BF4B-00C04F79EFBC}") = "MiddleEnd.Worker", "MiddleEnd\MiddleEnd.Worker\MiddleEnd.Worker.csproj", "{1AC97F49-8C31-433E-8D15-F5B5F9CD04E8}"
EndProject
Project("{FAE04EC0-301F-11D3-BF4B-00C04F79EFBC}") = "Portal.DAL.Infrastructure", "DAL\Portal.DAL.Infrastructure\Portal.DAL.Infrastructure.csproj", "{BF19381C-95A1-4B7B-8ECB-A0DABCB9B906}"
EndProject
Project("{FAE04EC0-301F-11D3-BF4B-00C04F79EFBC}") = "Portal.BackEnd.IoC", "BackEnd\Portal.BackEnd.IoC\Portal.BackEnd.IoC.csproj", "{6E69DEEF-81A1-4B7A-A5FE-C497164DF0F9}"
EndProject
Project("{FAE04EC0-301F-11D3-BF4B-00C04F79EFBC}") = "Portal.Exceptions", "Common\Portal.Exceptions\Portal.Exceptions.csproj", "{FA9ECF9A-ADA5-452A-B3D2-88D2DAEC61FD}"
EndProject
Project("{FAE04EC0-301F-11D3-BF4B-00C04F79EFBC}") = "Portal.Mappers", "Common\Portal.Mappers\Portal.Mappers.csproj", "{2FB78B32-4790-4EA5-AF52-7A4AC4037987}"
EndProject
Project("{FAE04EC0-301F-11D3-BF4B-00C04F79EFBC}") = "Portal.DAL.Entities", "Entities\Portal.DAL.Entities\Portal.DAL.Entities.csproj", "{E65A1C84-D68D-4712-BBD2-9891EE95E481}"
EndProject
Project("{FAE04EC0-301F-11D3-BF4B-00C04F79EFBC}") = "Portal.BLL.Concrete", "BLL\Portal.BLL.Concrete\Portal.BLL.Concrete.csproj", "{2D195BC7-A964-440E-AA73-97343AEF49F8}"
EndProject
Project("{FAE04EC0-301F-11D3-BF4B-00C04F79EFBC}") = "Configuration", "Common\Configuration\Configuration.csproj", "{5A5BCFA5-7514-425C-B0D8-D9FDC8D4A3FB}"
EndProject
Project("{FAE04EC0-301F-11D3-BF4B-00C04F79EFBC}") = "EventAggregator", "Common\EventAggregator\EventAggregator.csproj", "{3FBA3F83-7C4E-4324-AA98-D77293744AB4}"
EndProject
Project("{FAE04EC0-301F-11D3-BF4B-00C04F79EFBC}") = "Configuration.ReportGenerator", "Common\Configuration.ReportGenerator\Configuration.ReportGenerator.csproj", "{6830FDA5-C54C-4891-ACF5-19D9425D9422}"
EndProject
Project("{FAE04EC0-301F-11D3-BF4B-00C04F79EFBC}") = "Authentication", "Common\Authentication\Authentication.csproj", "{9EBE2DF9-5BF5-4671-9B2B-3C33A1BF248F}"
EndProject
Project("{FAE04EC0-301F-11D3-BF4B-00C04F79EFBC}") = "VkSdk", "Common\VkSdk\VkSdk.csproj", "{9927ACAA-4371-4DAB-A0AE-C25E6B62CD4A}"
EndProject
Project("{FAE04EC0-301F-11D3-BF4B-00C04F79EFBC}") = "OkSdk", "Common\OkSdk\OkSdk.csproj", "{836486E4-C216-44F3-80F6-A30FE0CB473D}"
EndProject
Project("{FAE04EC0-301F-11D3-BF4B-00C04F79EFBC}") = "Portal.Tests", "..\Tests\Portal.Tests\Portal.Tests.csproj", "{10AA8824-2A4F-4510-8A43-2A3B2B623FB4}"
EndProject
Project("{FAE04EC0-301F-11D3-BF4B-00C04F79EFBC}") = "Portal.Common", "Common\Portal.Common\Portal.Common.csproj", "{C4B38E80-4E9C-45BC-8001-E1DE5B72CBA2}"
EndProject
Project("{FAE04EC0-301F-11D3-BF4B-00C04F79EFBC}") = "Portal.DAL.Migrations", "DAL\Portal.DAL.Migrations\Portal.DAL.Migrations.csproj", "{069377AB-2288-4E8E-B551-6AD973B8496E}"
EndProject
Project("{FAE04EC0-301F-11D3-BF4B-00C04F79EFBC}") = "MongoMigrations", "Common\MongoMigrations\MongoMigrations.csproj", "{FCB2CF19-EBE7-4DCF-BD48-EC164015BA3F}"
EndProject
Project("{FAE04EC0-301F-11D3-BF4B-00C04F79EFBC}") = "MongoRepository", "DAL\MongoRepository\MongoRepository.csproj", "{543D3FDE-4931-40B0-B5D3-A912D145E6E3}"
EndProject
Global
	GlobalSection(SolutionConfigurationPlatforms) = preSolution
		CodeAnalysis|Any CPU = CodeAnalysis|Any CPU
		CodeAnalysis|Mixed Platforms = CodeAnalysis|Mixed Platforms
		CodeAnalysis|x86 = CodeAnalysis|x86
		Debug|Any CPU = Debug|Any CPU
		Debug|Mixed Platforms = Debug|Mixed Platforms
		Debug|x86 = Debug|x86
		Release|Any CPU = Release|Any CPU
		Release|Mixed Platforms = Release|Mixed Platforms
		Release|x86 = Release|x86
	EndGlobalSection
	GlobalSection(ProjectConfigurationPlatforms) = postSolution
		{4CF12607-355B-4D7F-A6E5-65C8EC54195F}.CodeAnalysis|Any CPU.ActiveCfg = Release|Any CPU
		{4CF12607-355B-4D7F-A6E5-65C8EC54195F}.CodeAnalysis|Any CPU.Build.0 = Release|Any CPU
		{4CF12607-355B-4D7F-A6E5-65C8EC54195F}.CodeAnalysis|Mixed Platforms.ActiveCfg = Release|Any CPU
		{4CF12607-355B-4D7F-A6E5-65C8EC54195F}.CodeAnalysis|Mixed Platforms.Build.0 = Release|Any CPU
		{4CF12607-355B-4D7F-A6E5-65C8EC54195F}.CodeAnalysis|x86.ActiveCfg = Release|Any CPU
		{4CF12607-355B-4D7F-A6E5-65C8EC54195F}.Debug|Any CPU.ActiveCfg = Debug|Any CPU
		{4CF12607-355B-4D7F-A6E5-65C8EC54195F}.Debug|Any CPU.Build.0 = Debug|Any CPU
		{4CF12607-355B-4D7F-A6E5-65C8EC54195F}.Debug|Mixed Platforms.ActiveCfg = Debug|Any CPU
		{4CF12607-355B-4D7F-A6E5-65C8EC54195F}.Debug|Mixed Platforms.Build.0 = Debug|Any CPU
		{4CF12607-355B-4D7F-A6E5-65C8EC54195F}.Debug|x86.ActiveCfg = Debug|Any CPU
		{4CF12607-355B-4D7F-A6E5-65C8EC54195F}.Release|Any CPU.ActiveCfg = Release|Any CPU
		{4CF12607-355B-4D7F-A6E5-65C8EC54195F}.Release|Any CPU.Build.0 = Release|Any CPU
		{4CF12607-355B-4D7F-A6E5-65C8EC54195F}.Release|Mixed Platforms.ActiveCfg = Release|Any CPU
		{4CF12607-355B-4D7F-A6E5-65C8EC54195F}.Release|Mixed Platforms.Build.0 = Release|Any CPU
		{4CF12607-355B-4D7F-A6E5-65C8EC54195F}.Release|x86.ActiveCfg = Release|Any CPU
		{658CC64F-B755-4BA1-99B0-591954D31743}.CodeAnalysis|Any CPU.ActiveCfg = Release|Any CPU
		{658CC64F-B755-4BA1-99B0-591954D31743}.CodeAnalysis|Any CPU.Build.0 = Release|Any CPU
		{658CC64F-B755-4BA1-99B0-591954D31743}.CodeAnalysis|Mixed Platforms.ActiveCfg = Release|Any CPU
		{658CC64F-B755-4BA1-99B0-591954D31743}.CodeAnalysis|Mixed Platforms.Build.0 = Release|Any CPU
		{658CC64F-B755-4BA1-99B0-591954D31743}.CodeAnalysis|x86.ActiveCfg = Release|Any CPU
		{658CC64F-B755-4BA1-99B0-591954D31743}.Debug|Any CPU.ActiveCfg = Debug|Any CPU
		{658CC64F-B755-4BA1-99B0-591954D31743}.Debug|Any CPU.Build.0 = Debug|Any CPU
		{658CC64F-B755-4BA1-99B0-591954D31743}.Debug|Mixed Platforms.ActiveCfg = Debug|Any CPU
		{658CC64F-B755-4BA1-99B0-591954D31743}.Debug|Mixed Platforms.Build.0 = Debug|Any CPU
		{658CC64F-B755-4BA1-99B0-591954D31743}.Debug|x86.ActiveCfg = Debug|Any CPU
		{658CC64F-B755-4BA1-99B0-591954D31743}.Release|Any CPU.ActiveCfg = Release|Any CPU
		{658CC64F-B755-4BA1-99B0-591954D31743}.Release|Any CPU.Build.0 = Release|Any CPU
		{658CC64F-B755-4BA1-99B0-591954D31743}.Release|Mixed Platforms.ActiveCfg = Release|Any CPU
		{658CC64F-B755-4BA1-99B0-591954D31743}.Release|Mixed Platforms.Build.0 = Release|Any CPU
		{658CC64F-B755-4BA1-99B0-591954D31743}.Release|x86.ActiveCfg = Release|Any CPU
		{DC941C88-803C-4E56-BDFE-B72A1F8377AD}.CodeAnalysis|Any CPU.ActiveCfg = Release|Any CPU
		{DC941C88-803C-4E56-BDFE-B72A1F8377AD}.CodeAnalysis|Any CPU.Build.0 = Release|Any CPU
		{DC941C88-803C-4E56-BDFE-B72A1F8377AD}.CodeAnalysis|Mixed Platforms.ActiveCfg = Release|Any CPU
		{DC941C88-803C-4E56-BDFE-B72A1F8377AD}.CodeAnalysis|Mixed Platforms.Build.0 = Release|Any CPU
		{DC941C88-803C-4E56-BDFE-B72A1F8377AD}.CodeAnalysis|x86.ActiveCfg = Release|Any CPU
		{DC941C88-803C-4E56-BDFE-B72A1F8377AD}.Debug|Any CPU.ActiveCfg = Debug|Any CPU
		{DC941C88-803C-4E56-BDFE-B72A1F8377AD}.Debug|Any CPU.Build.0 = Debug|Any CPU
		{DC941C88-803C-4E56-BDFE-B72A1F8377AD}.Debug|Mixed Platforms.ActiveCfg = Debug|Any CPU
		{DC941C88-803C-4E56-BDFE-B72A1F8377AD}.Debug|Mixed Platforms.Build.0 = Debug|Any CPU
		{DC941C88-803C-4E56-BDFE-B72A1F8377AD}.Debug|x86.ActiveCfg = Debug|Any CPU
		{DC941C88-803C-4E56-BDFE-B72A1F8377AD}.Release|Any CPU.ActiveCfg = Release|Any CPU
		{DC941C88-803C-4E56-BDFE-B72A1F8377AD}.Release|Any CPU.Build.0 = Release|Any CPU
		{DC941C88-803C-4E56-BDFE-B72A1F8377AD}.Release|Mixed Platforms.ActiveCfg = Release|Any CPU
		{DC941C88-803C-4E56-BDFE-B72A1F8377AD}.Release|Mixed Platforms.Build.0 = Release|Any CPU
		{DC941C88-803C-4E56-BDFE-B72A1F8377AD}.Release|x86.ActiveCfg = Release|Any CPU
		{CE11B657-268A-4FBA-A110-2A92E4FE53C4}.CodeAnalysis|Any CPU.ActiveCfg = Release|Any CPU
		{CE11B657-268A-4FBA-A110-2A92E4FE53C4}.CodeAnalysis|Any CPU.Build.0 = Release|Any CPU
		{CE11B657-268A-4FBA-A110-2A92E4FE53C4}.CodeAnalysis|Mixed Platforms.ActiveCfg = Release|Any CPU
		{CE11B657-268A-4FBA-A110-2A92E4FE53C4}.CodeAnalysis|Mixed Platforms.Build.0 = Release|Any CPU
		{CE11B657-268A-4FBA-A110-2A92E4FE53C4}.CodeAnalysis|x86.ActiveCfg = Release|Any CPU
		{CE11B657-268A-4FBA-A110-2A92E4FE53C4}.Debug|Any CPU.ActiveCfg = Debug|Any CPU
		{CE11B657-268A-4FBA-A110-2A92E4FE53C4}.Debug|Any CPU.Build.0 = Debug|Any CPU
		{CE11B657-268A-4FBA-A110-2A92E4FE53C4}.Debug|Mixed Platforms.ActiveCfg = Debug|Any CPU
		{CE11B657-268A-4FBA-A110-2A92E4FE53C4}.Debug|Mixed Platforms.Build.0 = Debug|Any CPU
		{CE11B657-268A-4FBA-A110-2A92E4FE53C4}.Debug|x86.ActiveCfg = Debug|Any CPU
		{CE11B657-268A-4FBA-A110-2A92E4FE53C4}.Release|Any CPU.ActiveCfg = Release|Any CPU
		{CE11B657-268A-4FBA-A110-2A92E4FE53C4}.Release|Any CPU.Build.0 = Release|Any CPU
		{CE11B657-268A-4FBA-A110-2A92E4FE53C4}.Release|Mixed Platforms.ActiveCfg = Release|Any CPU
		{CE11B657-268A-4FBA-A110-2A92E4FE53C4}.Release|Mixed Platforms.Build.0 = Release|Any CPU
		{CE11B657-268A-4FBA-A110-2A92E4FE53C4}.Release|x86.ActiveCfg = Release|Any CPU
		{4A796F62-28BC-4F45-A570-5C2CDC4A53A1}.CodeAnalysis|Any CPU.ActiveCfg = Release|Any CPU
		{4A796F62-28BC-4F45-A570-5C2CDC4A53A1}.CodeAnalysis|Any CPU.Build.0 = Release|Any CPU
		{4A796F62-28BC-4F45-A570-5C2CDC4A53A1}.CodeAnalysis|Mixed Platforms.ActiveCfg = Release|Any CPU
		{4A796F62-28BC-4F45-A570-5C2CDC4A53A1}.CodeAnalysis|Mixed Platforms.Build.0 = Release|Any CPU
		{4A796F62-28BC-4F45-A570-5C2CDC4A53A1}.CodeAnalysis|x86.ActiveCfg = Release|Any CPU
		{4A796F62-28BC-4F45-A570-5C2CDC4A53A1}.Debug|Any CPU.ActiveCfg = Debug|Any CPU
		{4A796F62-28BC-4F45-A570-5C2CDC4A53A1}.Debug|Any CPU.Build.0 = Debug|Any CPU
		{4A796F62-28BC-4F45-A570-5C2CDC4A53A1}.Debug|Mixed Platforms.ActiveCfg = Debug|Any CPU
		{4A796F62-28BC-4F45-A570-5C2CDC4A53A1}.Debug|Mixed Platforms.Build.0 = Debug|Any CPU
		{4A796F62-28BC-4F45-A570-5C2CDC4A53A1}.Debug|x86.ActiveCfg = Debug|Any CPU
		{4A796F62-28BC-4F45-A570-5C2CDC4A53A1}.Release|Any CPU.ActiveCfg = Release|Any CPU
		{4A796F62-28BC-4F45-A570-5C2CDC4A53A1}.Release|Any CPU.Build.0 = Release|Any CPU
		{4A796F62-28BC-4F45-A570-5C2CDC4A53A1}.Release|Mixed Platforms.ActiveCfg = Release|Any CPU
		{4A796F62-28BC-4F45-A570-5C2CDC4A53A1}.Release|Mixed Platforms.Build.0 = Release|Any CPU
		{4A796F62-28BC-4F45-A570-5C2CDC4A53A1}.Release|x86.ActiveCfg = Release|Any CPU
		{FCA69456-287E-4D31-B555-EB3D3D6D33B7}.CodeAnalysis|Any CPU.ActiveCfg = Release|Any CPU
		{FCA69456-287E-4D31-B555-EB3D3D6D33B7}.CodeAnalysis|Any CPU.Build.0 = Release|Any CPU
		{FCA69456-287E-4D31-B555-EB3D3D6D33B7}.CodeAnalysis|Mixed Platforms.ActiveCfg = Release|Any CPU
		{FCA69456-287E-4D31-B555-EB3D3D6D33B7}.CodeAnalysis|Mixed Platforms.Build.0 = Release|Any CPU
		{FCA69456-287E-4D31-B555-EB3D3D6D33B7}.CodeAnalysis|x86.ActiveCfg = Release|Any CPU
		{FCA69456-287E-4D31-B555-EB3D3D6D33B7}.Debug|Any CPU.ActiveCfg = Debug|Any CPU
		{FCA69456-287E-4D31-B555-EB3D3D6D33B7}.Debug|Any CPU.Build.0 = Debug|Any CPU
		{FCA69456-287E-4D31-B555-EB3D3D6D33B7}.Debug|Mixed Platforms.ActiveCfg = Debug|Any CPU
		{FCA69456-287E-4D31-B555-EB3D3D6D33B7}.Debug|Mixed Platforms.Build.0 = Debug|Any CPU
		{FCA69456-287E-4D31-B555-EB3D3D6D33B7}.Debug|x86.ActiveCfg = Debug|Any CPU
		{FCA69456-287E-4D31-B555-EB3D3D6D33B7}.Release|Any CPU.ActiveCfg = Release|Any CPU
		{FCA69456-287E-4D31-B555-EB3D3D6D33B7}.Release|Any CPU.Build.0 = Release|Any CPU
		{FCA69456-287E-4D31-B555-EB3D3D6D33B7}.Release|Mixed Platforms.ActiveCfg = Release|Any CPU
		{FCA69456-287E-4D31-B555-EB3D3D6D33B7}.Release|Mixed Platforms.Build.0 = Release|Any CPU
		{FCA69456-287E-4D31-B555-EB3D3D6D33B7}.Release|x86.ActiveCfg = Release|Any CPU
		{3EF05A0E-98C0-4C87-8098-86D7FDEA8A3F}.CodeAnalysis|Any CPU.ActiveCfg = Release|Any CPU
		{3EF05A0E-98C0-4C87-8098-86D7FDEA8A3F}.CodeAnalysis|Any CPU.Build.0 = Release|Any CPU
		{3EF05A0E-98C0-4C87-8098-86D7FDEA8A3F}.CodeAnalysis|Mixed Platforms.ActiveCfg = Release|Any CPU
		{3EF05A0E-98C0-4C87-8098-86D7FDEA8A3F}.CodeAnalysis|Mixed Platforms.Build.0 = Release|Any CPU
		{3EF05A0E-98C0-4C87-8098-86D7FDEA8A3F}.CodeAnalysis|x86.ActiveCfg = Release|Any CPU
		{3EF05A0E-98C0-4C87-8098-86D7FDEA8A3F}.Debug|Any CPU.ActiveCfg = Debug|Any CPU
		{3EF05A0E-98C0-4C87-8098-86D7FDEA8A3F}.Debug|Any CPU.Build.0 = Debug|Any CPU
		{3EF05A0E-98C0-4C87-8098-86D7FDEA8A3F}.Debug|Mixed Platforms.ActiveCfg = Debug|Any CPU
		{3EF05A0E-98C0-4C87-8098-86D7FDEA8A3F}.Debug|Mixed Platforms.Build.0 = Debug|Any CPU
		{3EF05A0E-98C0-4C87-8098-86D7FDEA8A3F}.Debug|x86.ActiveCfg = Debug|Any CPU
		{3EF05A0E-98C0-4C87-8098-86D7FDEA8A3F}.Release|Any CPU.ActiveCfg = Release|Any CPU
		{3EF05A0E-98C0-4C87-8098-86D7FDEA8A3F}.Release|Any CPU.Build.0 = Release|Any CPU
		{3EF05A0E-98C0-4C87-8098-86D7FDEA8A3F}.Release|Mixed Platforms.ActiveCfg = Release|Any CPU
		{3EF05A0E-98C0-4C87-8098-86D7FDEA8A3F}.Release|Mixed Platforms.Build.0 = Release|Any CPU
		{3EF05A0E-98C0-4C87-8098-86D7FDEA8A3F}.Release|x86.ActiveCfg = Release|Any CPU
		{F8B7340E-4A33-4DB9-B29C-0E6259F2D8B6}.CodeAnalysis|Any CPU.ActiveCfg = Release|Any CPU
		{F8B7340E-4A33-4DB9-B29C-0E6259F2D8B6}.CodeAnalysis|Any CPU.Build.0 = Release|Any CPU
		{F8B7340E-4A33-4DB9-B29C-0E6259F2D8B6}.CodeAnalysis|Mixed Platforms.ActiveCfg = Release|Any CPU
		{F8B7340E-4A33-4DB9-B29C-0E6259F2D8B6}.CodeAnalysis|Mixed Platforms.Build.0 = Release|Any CPU
		{F8B7340E-4A33-4DB9-B29C-0E6259F2D8B6}.CodeAnalysis|x86.ActiveCfg = Release|Any CPU
		{F8B7340E-4A33-4DB9-B29C-0E6259F2D8B6}.Debug|Any CPU.ActiveCfg = Debug|Any CPU
		{F8B7340E-4A33-4DB9-B29C-0E6259F2D8B6}.Debug|Any CPU.Build.0 = Debug|Any CPU
		{F8B7340E-4A33-4DB9-B29C-0E6259F2D8B6}.Debug|Mixed Platforms.ActiveCfg = Debug|Any CPU
		{F8B7340E-4A33-4DB9-B29C-0E6259F2D8B6}.Debug|Mixed Platforms.Build.0 = Debug|Any CPU
		{F8B7340E-4A33-4DB9-B29C-0E6259F2D8B6}.Debug|x86.ActiveCfg = Debug|Any CPU
		{F8B7340E-4A33-4DB9-B29C-0E6259F2D8B6}.Release|Any CPU.ActiveCfg = Release|Any CPU
		{F8B7340E-4A33-4DB9-B29C-0E6259F2D8B6}.Release|Any CPU.Build.0 = Release|Any CPU
		{F8B7340E-4A33-4DB9-B29C-0E6259F2D8B6}.Release|Mixed Platforms.ActiveCfg = Release|Any CPU
		{F8B7340E-4A33-4DB9-B29C-0E6259F2D8B6}.Release|Mixed Platforms.Build.0 = Release|Any CPU
		{F8B7340E-4A33-4DB9-B29C-0E6259F2D8B6}.Release|x86.ActiveCfg = Release|Any CPU
		{BC19BEEE-9F24-4DE3-AC41-524AC046B2CF}.CodeAnalysis|Any CPU.ActiveCfg = Release|Any CPU
		{BC19BEEE-9F24-4DE3-AC41-524AC046B2CF}.CodeAnalysis|Any CPU.Build.0 = Release|Any CPU
		{BC19BEEE-9F24-4DE3-AC41-524AC046B2CF}.CodeAnalysis|Mixed Platforms.ActiveCfg = Release|Any CPU
		{BC19BEEE-9F24-4DE3-AC41-524AC046B2CF}.CodeAnalysis|Mixed Platforms.Build.0 = Release|Any CPU
		{BC19BEEE-9F24-4DE3-AC41-524AC046B2CF}.CodeAnalysis|x86.ActiveCfg = Release|Any CPU
		{BC19BEEE-9F24-4DE3-AC41-524AC046B2CF}.Debug|Any CPU.ActiveCfg = Debug|Any CPU
		{BC19BEEE-9F24-4DE3-AC41-524AC046B2CF}.Debug|Any CPU.Build.0 = Debug|Any CPU
		{BC19BEEE-9F24-4DE3-AC41-524AC046B2CF}.Debug|Mixed Platforms.ActiveCfg = Debug|Any CPU
		{BC19BEEE-9F24-4DE3-AC41-524AC046B2CF}.Debug|Mixed Platforms.Build.0 = Debug|Any CPU
		{BC19BEEE-9F24-4DE3-AC41-524AC046B2CF}.Debug|x86.ActiveCfg = Debug|Any CPU
		{BC19BEEE-9F24-4DE3-AC41-524AC046B2CF}.Release|Any CPU.ActiveCfg = Release|Any CPU
		{BC19BEEE-9F24-4DE3-AC41-524AC046B2CF}.Release|Any CPU.Build.0 = Release|Any CPU
		{BC19BEEE-9F24-4DE3-AC41-524AC046B2CF}.Release|Mixed Platforms.ActiveCfg = Release|Any CPU
		{BC19BEEE-9F24-4DE3-AC41-524AC046B2CF}.Release|Mixed Platforms.Build.0 = Release|Any CPU
		{BC19BEEE-9F24-4DE3-AC41-524AC046B2CF}.Release|x86.ActiveCfg = Release|Any CPU
		{A55EE877-C49A-49C1-8943-2FBD6061207E}.CodeAnalysis|Any CPU.ActiveCfg = Release|Any CPU
		{A55EE877-C49A-49C1-8943-2FBD6061207E}.CodeAnalysis|Any CPU.Build.0 = Release|Any CPU
		{A55EE877-C49A-49C1-8943-2FBD6061207E}.CodeAnalysis|Mixed Platforms.ActiveCfg = Release|Any CPU
		{A55EE877-C49A-49C1-8943-2FBD6061207E}.CodeAnalysis|Mixed Platforms.Build.0 = Release|Any CPU
		{A55EE877-C49A-49C1-8943-2FBD6061207E}.CodeAnalysis|x86.ActiveCfg = Release|Any CPU
		{A55EE877-C49A-49C1-8943-2FBD6061207E}.Debug|Any CPU.ActiveCfg = Debug|Any CPU
		{A55EE877-C49A-49C1-8943-2FBD6061207E}.Debug|Any CPU.Build.0 = Debug|Any CPU
		{A55EE877-C49A-49C1-8943-2FBD6061207E}.Debug|Mixed Platforms.ActiveCfg = Debug|Any CPU
		{A55EE877-C49A-49C1-8943-2FBD6061207E}.Debug|Mixed Platforms.Build.0 = Debug|Any CPU
		{A55EE877-C49A-49C1-8943-2FBD6061207E}.Debug|x86.ActiveCfg = Debug|Any CPU
		{A55EE877-C49A-49C1-8943-2FBD6061207E}.Release|Any CPU.ActiveCfg = Release|Any CPU
		{A55EE877-C49A-49C1-8943-2FBD6061207E}.Release|Any CPU.Build.0 = Release|Any CPU
		{A55EE877-C49A-49C1-8943-2FBD6061207E}.Release|Mixed Platforms.ActiveCfg = Release|Any CPU
		{A55EE877-C49A-49C1-8943-2FBD6061207E}.Release|Mixed Platforms.Build.0 = Release|Any CPU
		{A55EE877-C49A-49C1-8943-2FBD6061207E}.Release|x86.ActiveCfg = Release|Any CPU
		{9E8F2D2D-B074-4D22-A271-8BD911C3AF6A}.CodeAnalysis|Any CPU.ActiveCfg = Release|Any CPU
		{9E8F2D2D-B074-4D22-A271-8BD911C3AF6A}.CodeAnalysis|Any CPU.Build.0 = Release|Any CPU
		{9E8F2D2D-B074-4D22-A271-8BD911C3AF6A}.CodeAnalysis|Mixed Platforms.ActiveCfg = Release|Any CPU
		{9E8F2D2D-B074-4D22-A271-8BD911C3AF6A}.CodeAnalysis|Mixed Platforms.Build.0 = Release|Any CPU
		{9E8F2D2D-B074-4D22-A271-8BD911C3AF6A}.CodeAnalysis|x86.ActiveCfg = Release|Any CPU
		{9E8F2D2D-B074-4D22-A271-8BD911C3AF6A}.Debug|Any CPU.ActiveCfg = Debug|Any CPU
		{9E8F2D2D-B074-4D22-A271-8BD911C3AF6A}.Debug|Any CPU.Build.0 = Debug|Any CPU
		{9E8F2D2D-B074-4D22-A271-8BD911C3AF6A}.Debug|Mixed Platforms.ActiveCfg = Debug|Any CPU
		{9E8F2D2D-B074-4D22-A271-8BD911C3AF6A}.Debug|Mixed Platforms.Build.0 = Debug|Any CPU
		{9E8F2D2D-B074-4D22-A271-8BD911C3AF6A}.Debug|x86.ActiveCfg = Debug|Any CPU
		{9E8F2D2D-B074-4D22-A271-8BD911C3AF6A}.Release|Any CPU.ActiveCfg = Release|Any CPU
		{9E8F2D2D-B074-4D22-A271-8BD911C3AF6A}.Release|Any CPU.Build.0 = Release|Any CPU
		{9E8F2D2D-B074-4D22-A271-8BD911C3AF6A}.Release|Mixed Platforms.ActiveCfg = Release|Any CPU
		{9E8F2D2D-B074-4D22-A271-8BD911C3AF6A}.Release|Mixed Platforms.Build.0 = Release|Any CPU
		{9E8F2D2D-B074-4D22-A271-8BD911C3AF6A}.Release|x86.ActiveCfg = Release|Any CPU
		{98512880-701E-4798-AC96-EB9B2659DCC7}.CodeAnalysis|Any CPU.ActiveCfg = Release|Any CPU
		{98512880-701E-4798-AC96-EB9B2659DCC7}.CodeAnalysis|Any CPU.Build.0 = Release|Any CPU
		{98512880-701E-4798-AC96-EB9B2659DCC7}.CodeAnalysis|Mixed Platforms.ActiveCfg = Release|Any CPU
		{98512880-701E-4798-AC96-EB9B2659DCC7}.CodeAnalysis|Mixed Platforms.Build.0 = Release|Any CPU
		{98512880-701E-4798-AC96-EB9B2659DCC7}.CodeAnalysis|x86.ActiveCfg = Release|Any CPU
		{98512880-701E-4798-AC96-EB9B2659DCC7}.Debug|Any CPU.ActiveCfg = Debug|Any CPU
		{98512880-701E-4798-AC96-EB9B2659DCC7}.Debug|Any CPU.Build.0 = Debug|Any CPU
		{98512880-701E-4798-AC96-EB9B2659DCC7}.Debug|Mixed Platforms.ActiveCfg = Debug|Any CPU
		{98512880-701E-4798-AC96-EB9B2659DCC7}.Debug|Mixed Platforms.Build.0 = Debug|Any CPU
		{98512880-701E-4798-AC96-EB9B2659DCC7}.Debug|x86.ActiveCfg = Debug|Any CPU
		{98512880-701E-4798-AC96-EB9B2659DCC7}.Release|Any CPU.ActiveCfg = Release|Any CPU
		{98512880-701E-4798-AC96-EB9B2659DCC7}.Release|Any CPU.Build.0 = Release|Any CPU
		{98512880-701E-4798-AC96-EB9B2659DCC7}.Release|Mixed Platforms.ActiveCfg = Release|Any CPU
		{98512880-701E-4798-AC96-EB9B2659DCC7}.Release|Mixed Platforms.Build.0 = Release|Any CPU
		{98512880-701E-4798-AC96-EB9B2659DCC7}.Release|x86.ActiveCfg = Release|Any CPU
		{735D5507-702D-40AD-AE9A-FC5B1792ABB0}.CodeAnalysis|Any CPU.ActiveCfg = Release|Any CPU
		{735D5507-702D-40AD-AE9A-FC5B1792ABB0}.CodeAnalysis|Any CPU.Build.0 = Release|Any CPU
		{735D5507-702D-40AD-AE9A-FC5B1792ABB0}.CodeAnalysis|Mixed Platforms.ActiveCfg = Release|Any CPU
		{735D5507-702D-40AD-AE9A-FC5B1792ABB0}.CodeAnalysis|Mixed Platforms.Build.0 = Release|Any CPU
		{735D5507-702D-40AD-AE9A-FC5B1792ABB0}.CodeAnalysis|x86.ActiveCfg = Release|Any CPU
		{735D5507-702D-40AD-AE9A-FC5B1792ABB0}.Debug|Any CPU.ActiveCfg = Debug|Any CPU
		{735D5507-702D-40AD-AE9A-FC5B1792ABB0}.Debug|Any CPU.Build.0 = Debug|Any CPU
		{735D5507-702D-40AD-AE9A-FC5B1792ABB0}.Debug|Mixed Platforms.ActiveCfg = Debug|Any CPU
		{735D5507-702D-40AD-AE9A-FC5B1792ABB0}.Debug|Mixed Platforms.Build.0 = Debug|Any CPU
		{735D5507-702D-40AD-AE9A-FC5B1792ABB0}.Debug|x86.ActiveCfg = Debug|Any CPU
		{735D5507-702D-40AD-AE9A-FC5B1792ABB0}.Release|Any CPU.ActiveCfg = Release|Any CPU
		{735D5507-702D-40AD-AE9A-FC5B1792ABB0}.Release|Any CPU.Build.0 = Release|Any CPU
		{735D5507-702D-40AD-AE9A-FC5B1792ABB0}.Release|Mixed Platforms.ActiveCfg = Release|Any CPU
		{735D5507-702D-40AD-AE9A-FC5B1792ABB0}.Release|Mixed Platforms.Build.0 = Release|Any CPU
		{735D5507-702D-40AD-AE9A-FC5B1792ABB0}.Release|x86.ActiveCfg = Release|Any CPU
		{DA03C85E-6BF2-4EC1-BD13-DBFC5A3B3018}.CodeAnalysis|Any CPU.ActiveCfg = Release|Any CPU
		{DA03C85E-6BF2-4EC1-BD13-DBFC5A3B3018}.CodeAnalysis|Any CPU.Build.0 = Release|Any CPU
		{DA03C85E-6BF2-4EC1-BD13-DBFC5A3B3018}.CodeAnalysis|Mixed Platforms.ActiveCfg = Release|Any CPU
		{DA03C85E-6BF2-4EC1-BD13-DBFC5A3B3018}.CodeAnalysis|Mixed Platforms.Build.0 = Release|Any CPU
		{DA03C85E-6BF2-4EC1-BD13-DBFC5A3B3018}.CodeAnalysis|x86.ActiveCfg = Release|Any CPU
		{DA03C85E-6BF2-4EC1-BD13-DBFC5A3B3018}.Debug|Any CPU.ActiveCfg = Debug|Any CPU
		{DA03C85E-6BF2-4EC1-BD13-DBFC5A3B3018}.Debug|Any CPU.Build.0 = Debug|Any CPU
		{DA03C85E-6BF2-4EC1-BD13-DBFC5A3B3018}.Debug|Mixed Platforms.ActiveCfg = Debug|Any CPU
		{DA03C85E-6BF2-4EC1-BD13-DBFC5A3B3018}.Debug|Mixed Platforms.Build.0 = Debug|Any CPU
		{DA03C85E-6BF2-4EC1-BD13-DBFC5A3B3018}.Debug|x86.ActiveCfg = Debug|Any CPU
		{DA03C85E-6BF2-4EC1-BD13-DBFC5A3B3018}.Release|Any CPU.ActiveCfg = Release|Any CPU
		{DA03C85E-6BF2-4EC1-BD13-DBFC5A3B3018}.Release|Any CPU.Build.0 = Release|Any CPU
		{DA03C85E-6BF2-4EC1-BD13-DBFC5A3B3018}.Release|Mixed Platforms.ActiveCfg = Release|Any CPU
		{DA03C85E-6BF2-4EC1-BD13-DBFC5A3B3018}.Release|Mixed Platforms.Build.0 = Release|Any CPU
		{DA03C85E-6BF2-4EC1-BD13-DBFC5A3B3018}.Release|x86.ActiveCfg = Release|Any CPU
		{9D7C61A2-BFDC-4638-8DA8-FF69526AA0CD}.CodeAnalysis|Any CPU.ActiveCfg = Release|Any CPU
		{9D7C61A2-BFDC-4638-8DA8-FF69526AA0CD}.CodeAnalysis|Any CPU.Build.0 = Release|Any CPU
		{9D7C61A2-BFDC-4638-8DA8-FF69526AA0CD}.CodeAnalysis|Mixed Platforms.ActiveCfg = Release|Any CPU
		{9D7C61A2-BFDC-4638-8DA8-FF69526AA0CD}.CodeAnalysis|Mixed Platforms.Build.0 = Release|Any CPU
		{9D7C61A2-BFDC-4638-8DA8-FF69526AA0CD}.CodeAnalysis|x86.ActiveCfg = Release|Any CPU
		{9D7C61A2-BFDC-4638-8DA8-FF69526AA0CD}.Debug|Any CPU.ActiveCfg = Debug|Any CPU
		{9D7C61A2-BFDC-4638-8DA8-FF69526AA0CD}.Debug|Any CPU.Build.0 = Debug|Any CPU
		{9D7C61A2-BFDC-4638-8DA8-FF69526AA0CD}.Debug|Mixed Platforms.ActiveCfg = Debug|Any CPU
		{9D7C61A2-BFDC-4638-8DA8-FF69526AA0CD}.Debug|Mixed Platforms.Build.0 = Debug|Any CPU
		{9D7C61A2-BFDC-4638-8DA8-FF69526AA0CD}.Debug|x86.ActiveCfg = Debug|Any CPU
		{9D7C61A2-BFDC-4638-8DA8-FF69526AA0CD}.Release|Any CPU.ActiveCfg = Release|Any CPU
		{9D7C61A2-BFDC-4638-8DA8-FF69526AA0CD}.Release|Any CPU.Build.0 = Release|Any CPU
		{9D7C61A2-BFDC-4638-8DA8-FF69526AA0CD}.Release|Mixed Platforms.ActiveCfg = Release|Any CPU
		{9D7C61A2-BFDC-4638-8DA8-FF69526AA0CD}.Release|Mixed Platforms.Build.0 = Release|Any CPU
		{9D7C61A2-BFDC-4638-8DA8-FF69526AA0CD}.Release|x86.ActiveCfg = Release|Any CPU
		{16C53383-42A7-4855-9E3A-5A473EA8716D}.CodeAnalysis|Any CPU.ActiveCfg = Release|Any CPU
		{16C53383-42A7-4855-9E3A-5A473EA8716D}.CodeAnalysis|Any CPU.Build.0 = Release|Any CPU
		{16C53383-42A7-4855-9E3A-5A473EA8716D}.CodeAnalysis|Mixed Platforms.ActiveCfg = Release|Any CPU
		{16C53383-42A7-4855-9E3A-5A473EA8716D}.CodeAnalysis|Mixed Platforms.Build.0 = Release|Any CPU
		{16C53383-42A7-4855-9E3A-5A473EA8716D}.CodeAnalysis|x86.ActiveCfg = Release|Any CPU
		{16C53383-42A7-4855-9E3A-5A473EA8716D}.Debug|Any CPU.ActiveCfg = Debug|Any CPU
		{16C53383-42A7-4855-9E3A-5A473EA8716D}.Debug|Any CPU.Build.0 = Debug|Any CPU
		{16C53383-42A7-4855-9E3A-5A473EA8716D}.Debug|Mixed Platforms.ActiveCfg = Debug|Any CPU
		{16C53383-42A7-4855-9E3A-5A473EA8716D}.Debug|Mixed Platforms.Build.0 = Debug|Any CPU
		{16C53383-42A7-4855-9E3A-5A473EA8716D}.Debug|x86.ActiveCfg = Debug|Any CPU
		{16C53383-42A7-4855-9E3A-5A473EA8716D}.Release|Any CPU.ActiveCfg = Release|Any CPU
		{16C53383-42A7-4855-9E3A-5A473EA8716D}.Release|Any CPU.Build.0 = Release|Any CPU
		{16C53383-42A7-4855-9E3A-5A473EA8716D}.Release|Mixed Platforms.ActiveCfg = Release|Any CPU
		{16C53383-42A7-4855-9E3A-5A473EA8716D}.Release|Mixed Platforms.Build.0 = Release|Any CPU
		{16C53383-42A7-4855-9E3A-5A473EA8716D}.Release|x86.ActiveCfg = Release|Any CPU
		{7DBEA20E-3095-4D37-B651-0C172D2A3598}.CodeAnalysis|Any CPU.ActiveCfg = Release|Any CPU
		{7DBEA20E-3095-4D37-B651-0C172D2A3598}.CodeAnalysis|Any CPU.Build.0 = Release|Any CPU
		{7DBEA20E-3095-4D37-B651-0C172D2A3598}.CodeAnalysis|Mixed Platforms.ActiveCfg = Release|Any CPU
		{7DBEA20E-3095-4D37-B651-0C172D2A3598}.CodeAnalysis|Mixed Platforms.Build.0 = Release|Any CPU
		{7DBEA20E-3095-4D37-B651-0C172D2A3598}.CodeAnalysis|x86.ActiveCfg = Release|Any CPU
		{7DBEA20E-3095-4D37-B651-0C172D2A3598}.Debug|Any CPU.ActiveCfg = Debug|Any CPU
		{7DBEA20E-3095-4D37-B651-0C172D2A3598}.Debug|Any CPU.Build.0 = Debug|Any CPU
		{7DBEA20E-3095-4D37-B651-0C172D2A3598}.Debug|Mixed Platforms.ActiveCfg = Debug|Any CPU
		{7DBEA20E-3095-4D37-B651-0C172D2A3598}.Debug|Mixed Platforms.Build.0 = Debug|Any CPU
		{7DBEA20E-3095-4D37-B651-0C172D2A3598}.Debug|x86.ActiveCfg = Debug|Any CPU
		{7DBEA20E-3095-4D37-B651-0C172D2A3598}.Release|Any CPU.ActiveCfg = Release|Any CPU
		{7DBEA20E-3095-4D37-B651-0C172D2A3598}.Release|Any CPU.Build.0 = Release|Any CPU
		{7DBEA20E-3095-4D37-B651-0C172D2A3598}.Release|Mixed Platforms.ActiveCfg = Release|Any CPU
		{7DBEA20E-3095-4D37-B651-0C172D2A3598}.Release|Mixed Platforms.Build.0 = Release|Any CPU
		{7DBEA20E-3095-4D37-B651-0C172D2A3598}.Release|x86.ActiveCfg = Release|Any CPU
		{1AC97F49-8C31-433E-8D15-F5B5F9CD04E8}.CodeAnalysis|Any CPU.ActiveCfg = Release|Any CPU
		{1AC97F49-8C31-433E-8D15-F5B5F9CD04E8}.CodeAnalysis|Any CPU.Build.0 = Release|Any CPU
		{1AC97F49-8C31-433E-8D15-F5B5F9CD04E8}.CodeAnalysis|Mixed Platforms.ActiveCfg = Release|Any CPU
		{1AC97F49-8C31-433E-8D15-F5B5F9CD04E8}.CodeAnalysis|Mixed Platforms.Build.0 = Release|Any CPU
		{1AC97F49-8C31-433E-8D15-F5B5F9CD04E8}.CodeAnalysis|x86.ActiveCfg = Release|Any CPU
		{1AC97F49-8C31-433E-8D15-F5B5F9CD04E8}.Debug|Any CPU.ActiveCfg = Debug|Any CPU
		{1AC97F49-8C31-433E-8D15-F5B5F9CD04E8}.Debug|Any CPU.Build.0 = Debug|Any CPU
		{1AC97F49-8C31-433E-8D15-F5B5F9CD04E8}.Debug|Mixed Platforms.ActiveCfg = Debug|Any CPU
		{1AC97F49-8C31-433E-8D15-F5B5F9CD04E8}.Debug|Mixed Platforms.Build.0 = Debug|Any CPU
		{1AC97F49-8C31-433E-8D15-F5B5F9CD04E8}.Debug|x86.ActiveCfg = Debug|Any CPU
		{1AC97F49-8C31-433E-8D15-F5B5F9CD04E8}.Release|Any CPU.ActiveCfg = Release|Any CPU
		{1AC97F49-8C31-433E-8D15-F5B5F9CD04E8}.Release|Any CPU.Build.0 = Release|Any CPU
		{1AC97F49-8C31-433E-8D15-F5B5F9CD04E8}.Release|Mixed Platforms.ActiveCfg = Release|Any CPU
		{1AC97F49-8C31-433E-8D15-F5B5F9CD04E8}.Release|Mixed Platforms.Build.0 = Release|Any CPU
		{1AC97F49-8C31-433E-8D15-F5B5F9CD04E8}.Release|x86.ActiveCfg = Release|Any CPU
		{BF19381C-95A1-4B7B-8ECB-A0DABCB9B906}.CodeAnalysis|Any CPU.ActiveCfg = Release|Any CPU
		{BF19381C-95A1-4B7B-8ECB-A0DABCB9B906}.CodeAnalysis|Any CPU.Build.0 = Release|Any CPU
		{BF19381C-95A1-4B7B-8ECB-A0DABCB9B906}.CodeAnalysis|Mixed Platforms.ActiveCfg = Release|Any CPU
		{BF19381C-95A1-4B7B-8ECB-A0DABCB9B906}.CodeAnalysis|Mixed Platforms.Build.0 = Release|Any CPU
		{BF19381C-95A1-4B7B-8ECB-A0DABCB9B906}.CodeAnalysis|x86.ActiveCfg = Release|Any CPU
		{BF19381C-95A1-4B7B-8ECB-A0DABCB9B906}.Debug|Any CPU.ActiveCfg = Debug|Any CPU
		{BF19381C-95A1-4B7B-8ECB-A0DABCB9B906}.Debug|Any CPU.Build.0 = Debug|Any CPU
		{BF19381C-95A1-4B7B-8ECB-A0DABCB9B906}.Debug|Mixed Platforms.ActiveCfg = Debug|Any CPU
		{BF19381C-95A1-4B7B-8ECB-A0DABCB9B906}.Debug|Mixed Platforms.Build.0 = Debug|Any CPU
		{BF19381C-95A1-4B7B-8ECB-A0DABCB9B906}.Debug|x86.ActiveCfg = Debug|Any CPU
		{BF19381C-95A1-4B7B-8ECB-A0DABCB9B906}.Release|Any CPU.ActiveCfg = Release|Any CPU
		{BF19381C-95A1-4B7B-8ECB-A0DABCB9B906}.Release|Any CPU.Build.0 = Release|Any CPU
		{BF19381C-95A1-4B7B-8ECB-A0DABCB9B906}.Release|Mixed Platforms.ActiveCfg = Release|Any CPU
		{BF19381C-95A1-4B7B-8ECB-A0DABCB9B906}.Release|Mixed Platforms.Build.0 = Release|Any CPU
		{BF19381C-95A1-4B7B-8ECB-A0DABCB9B906}.Release|x86.ActiveCfg = Release|Any CPU
		{6E69DEEF-81A1-4B7A-A5FE-C497164DF0F9}.CodeAnalysis|Any CPU.ActiveCfg = Release|Any CPU
		{6E69DEEF-81A1-4B7A-A5FE-C497164DF0F9}.CodeAnalysis|Any CPU.Build.0 = Release|Any CPU
		{6E69DEEF-81A1-4B7A-A5FE-C497164DF0F9}.CodeAnalysis|Mixed Platforms.ActiveCfg = Release|Any CPU
		{6E69DEEF-81A1-4B7A-A5FE-C497164DF0F9}.CodeAnalysis|Mixed Platforms.Build.0 = Release|Any CPU
		{6E69DEEF-81A1-4B7A-A5FE-C497164DF0F9}.CodeAnalysis|x86.ActiveCfg = Release|Any CPU
		{6E69DEEF-81A1-4B7A-A5FE-C497164DF0F9}.Debug|Any CPU.ActiveCfg = Debug|Any CPU
		{6E69DEEF-81A1-4B7A-A5FE-C497164DF0F9}.Debug|Any CPU.Build.0 = Debug|Any CPU
		{6E69DEEF-81A1-4B7A-A5FE-C497164DF0F9}.Debug|Mixed Platforms.ActiveCfg = Debug|Any CPU
		{6E69DEEF-81A1-4B7A-A5FE-C497164DF0F9}.Debug|Mixed Platforms.Build.0 = Debug|Any CPU
		{6E69DEEF-81A1-4B7A-A5FE-C497164DF0F9}.Debug|x86.ActiveCfg = Debug|Any CPU
		{6E69DEEF-81A1-4B7A-A5FE-C497164DF0F9}.Release|Any CPU.ActiveCfg = Release|Any CPU
		{6E69DEEF-81A1-4B7A-A5FE-C497164DF0F9}.Release|Any CPU.Build.0 = Release|Any CPU
		{6E69DEEF-81A1-4B7A-A5FE-C497164DF0F9}.Release|Mixed Platforms.ActiveCfg = Release|Any CPU
		{6E69DEEF-81A1-4B7A-A5FE-C497164DF0F9}.Release|Mixed Platforms.Build.0 = Release|Any CPU
		{6E69DEEF-81A1-4B7A-A5FE-C497164DF0F9}.Release|x86.ActiveCfg = Release|Any CPU
		{FA9ECF9A-ADA5-452A-B3D2-88D2DAEC61FD}.CodeAnalysis|Any CPU.ActiveCfg = Release|Any CPU
		{FA9ECF9A-ADA5-452A-B3D2-88D2DAEC61FD}.CodeAnalysis|Any CPU.Build.0 = Release|Any CPU
		{FA9ECF9A-ADA5-452A-B3D2-88D2DAEC61FD}.CodeAnalysis|Mixed Platforms.ActiveCfg = Release|Any CPU
		{FA9ECF9A-ADA5-452A-B3D2-88D2DAEC61FD}.CodeAnalysis|Mixed Platforms.Build.0 = Release|Any CPU
		{FA9ECF9A-ADA5-452A-B3D2-88D2DAEC61FD}.CodeAnalysis|x86.ActiveCfg = Release|Any CPU
		{FA9ECF9A-ADA5-452A-B3D2-88D2DAEC61FD}.Debug|Any CPU.ActiveCfg = Debug|Any CPU
		{FA9ECF9A-ADA5-452A-B3D2-88D2DAEC61FD}.Debug|Any CPU.Build.0 = Debug|Any CPU
		{FA9ECF9A-ADA5-452A-B3D2-88D2DAEC61FD}.Debug|Mixed Platforms.ActiveCfg = Debug|Any CPU
		{FA9ECF9A-ADA5-452A-B3D2-88D2DAEC61FD}.Debug|Mixed Platforms.Build.0 = Debug|Any CPU
		{FA9ECF9A-ADA5-452A-B3D2-88D2DAEC61FD}.Debug|x86.ActiveCfg = Debug|Any CPU
		{FA9ECF9A-ADA5-452A-B3D2-88D2DAEC61FD}.Release|Any CPU.ActiveCfg = Release|Any CPU
		{FA9ECF9A-ADA5-452A-B3D2-88D2DAEC61FD}.Release|Any CPU.Build.0 = Release|Any CPU
		{FA9ECF9A-ADA5-452A-B3D2-88D2DAEC61FD}.Release|Mixed Platforms.ActiveCfg = Release|Any CPU
		{FA9ECF9A-ADA5-452A-B3D2-88D2DAEC61FD}.Release|Mixed Platforms.Build.0 = Release|Any CPU
		{FA9ECF9A-ADA5-452A-B3D2-88D2DAEC61FD}.Release|x86.ActiveCfg = Release|Any CPU
		{2FB78B32-4790-4EA5-AF52-7A4AC4037987}.CodeAnalysis|Any CPU.ActiveCfg = Release|Any CPU
		{2FB78B32-4790-4EA5-AF52-7A4AC4037987}.CodeAnalysis|Any CPU.Build.0 = Release|Any CPU
		{2FB78B32-4790-4EA5-AF52-7A4AC4037987}.CodeAnalysis|Mixed Platforms.ActiveCfg = Release|Any CPU
		{2FB78B32-4790-4EA5-AF52-7A4AC4037987}.CodeAnalysis|Mixed Platforms.Build.0 = Release|Any CPU
		{2FB78B32-4790-4EA5-AF52-7A4AC4037987}.CodeAnalysis|x86.ActiveCfg = Release|Any CPU
		{2FB78B32-4790-4EA5-AF52-7A4AC4037987}.Debug|Any CPU.ActiveCfg = Debug|Any CPU
		{2FB78B32-4790-4EA5-AF52-7A4AC4037987}.Debug|Any CPU.Build.0 = Debug|Any CPU
		{2FB78B32-4790-4EA5-AF52-7A4AC4037987}.Debug|Mixed Platforms.ActiveCfg = Debug|Any CPU
		{2FB78B32-4790-4EA5-AF52-7A4AC4037987}.Debug|Mixed Platforms.Build.0 = Debug|Any CPU
		{2FB78B32-4790-4EA5-AF52-7A4AC4037987}.Debug|x86.ActiveCfg = Debug|Any CPU
		{2FB78B32-4790-4EA5-AF52-7A4AC4037987}.Release|Any CPU.ActiveCfg = Release|Any CPU
		{2FB78B32-4790-4EA5-AF52-7A4AC4037987}.Release|Any CPU.Build.0 = Release|Any CPU
		{2FB78B32-4790-4EA5-AF52-7A4AC4037987}.Release|Mixed Platforms.ActiveCfg = Release|Any CPU
		{2FB78B32-4790-4EA5-AF52-7A4AC4037987}.Release|Mixed Platforms.Build.0 = Release|Any CPU
		{2FB78B32-4790-4EA5-AF52-7A4AC4037987}.Release|x86.ActiveCfg = Release|Any CPU
		{E65A1C84-D68D-4712-BBD2-9891EE95E481}.CodeAnalysis|Any CPU.ActiveCfg = Release|Any CPU
		{E65A1C84-D68D-4712-BBD2-9891EE95E481}.CodeAnalysis|Any CPU.Build.0 = Release|Any CPU
		{E65A1C84-D68D-4712-BBD2-9891EE95E481}.CodeAnalysis|Mixed Platforms.ActiveCfg = Release|Any CPU
		{E65A1C84-D68D-4712-BBD2-9891EE95E481}.CodeAnalysis|Mixed Platforms.Build.0 = Release|Any CPU
		{E65A1C84-D68D-4712-BBD2-9891EE95E481}.CodeAnalysis|x86.ActiveCfg = Release|Any CPU
		{E65A1C84-D68D-4712-BBD2-9891EE95E481}.Debug|Any CPU.ActiveCfg = Debug|Any CPU
		{E65A1C84-D68D-4712-BBD2-9891EE95E481}.Debug|Any CPU.Build.0 = Debug|Any CPU
		{E65A1C84-D68D-4712-BBD2-9891EE95E481}.Debug|Mixed Platforms.ActiveCfg = Debug|Any CPU
		{E65A1C84-D68D-4712-BBD2-9891EE95E481}.Debug|Mixed Platforms.Build.0 = Debug|Any CPU
		{E65A1C84-D68D-4712-BBD2-9891EE95E481}.Debug|x86.ActiveCfg = Debug|Any CPU
		{E65A1C84-D68D-4712-BBD2-9891EE95E481}.Release|Any CPU.ActiveCfg = Release|Any CPU
		{E65A1C84-D68D-4712-BBD2-9891EE95E481}.Release|Any CPU.Build.0 = Release|Any CPU
		{E65A1C84-D68D-4712-BBD2-9891EE95E481}.Release|Mixed Platforms.ActiveCfg = Release|Any CPU
		{E65A1C84-D68D-4712-BBD2-9891EE95E481}.Release|Mixed Platforms.Build.0 = Release|Any CPU
		{E65A1C84-D68D-4712-BBD2-9891EE95E481}.Release|x86.ActiveCfg = Release|Any CPU
		{2D195BC7-A964-440E-AA73-97343AEF49F8}.CodeAnalysis|Any CPU.ActiveCfg = Release|Any CPU
		{2D195BC7-A964-440E-AA73-97343AEF49F8}.CodeAnalysis|Any CPU.Build.0 = Release|Any CPU
		{2D195BC7-A964-440E-AA73-97343AEF49F8}.CodeAnalysis|Mixed Platforms.ActiveCfg = Release|Any CPU
		{2D195BC7-A964-440E-AA73-97343AEF49F8}.CodeAnalysis|Mixed Platforms.Build.0 = Release|Any CPU
		{2D195BC7-A964-440E-AA73-97343AEF49F8}.CodeAnalysis|x86.ActiveCfg = Release|Any CPU
		{2D195BC7-A964-440E-AA73-97343AEF49F8}.Debug|Any CPU.ActiveCfg = Debug|Any CPU
		{2D195BC7-A964-440E-AA73-97343AEF49F8}.Debug|Any CPU.Build.0 = Debug|Any CPU
		{2D195BC7-A964-440E-AA73-97343AEF49F8}.Debug|Mixed Platforms.ActiveCfg = Debug|Any CPU
		{2D195BC7-A964-440E-AA73-97343AEF49F8}.Debug|Mixed Platforms.Build.0 = Debug|Any CPU
		{2D195BC7-A964-440E-AA73-97343AEF49F8}.Debug|x86.ActiveCfg = Debug|Any CPU
		{2D195BC7-A964-440E-AA73-97343AEF49F8}.Release|Any CPU.ActiveCfg = Release|Any CPU
		{2D195BC7-A964-440E-AA73-97343AEF49F8}.Release|Any CPU.Build.0 = Release|Any CPU
		{2D195BC7-A964-440E-AA73-97343AEF49F8}.Release|Mixed Platforms.ActiveCfg = Release|Any CPU
		{2D195BC7-A964-440E-AA73-97343AEF49F8}.Release|Mixed Platforms.Build.0 = Release|Any CPU
		{2D195BC7-A964-440E-AA73-97343AEF49F8}.Release|x86.ActiveCfg = Release|Any CPU
		{5A5BCFA5-7514-425C-B0D8-D9FDC8D4A3FB}.CodeAnalysis|Any CPU.ActiveCfg = Release|Any CPU
		{5A5BCFA5-7514-425C-B0D8-D9FDC8D4A3FB}.CodeAnalysis|Any CPU.Build.0 = Release|Any CPU
		{5A5BCFA5-7514-425C-B0D8-D9FDC8D4A3FB}.CodeAnalysis|Mixed Platforms.ActiveCfg = Release|Any CPU
		{5A5BCFA5-7514-425C-B0D8-D9FDC8D4A3FB}.CodeAnalysis|Mixed Platforms.Build.0 = Release|Any CPU
		{5A5BCFA5-7514-425C-B0D8-D9FDC8D4A3FB}.CodeAnalysis|x86.ActiveCfg = Release|Any CPU
		{5A5BCFA5-7514-425C-B0D8-D9FDC8D4A3FB}.Debug|Any CPU.ActiveCfg = Debug|Any CPU
		{5A5BCFA5-7514-425C-B0D8-D9FDC8D4A3FB}.Debug|Any CPU.Build.0 = Debug|Any CPU
		{5A5BCFA5-7514-425C-B0D8-D9FDC8D4A3FB}.Debug|Mixed Platforms.ActiveCfg = Debug|Any CPU
		{5A5BCFA5-7514-425C-B0D8-D9FDC8D4A3FB}.Debug|Mixed Platforms.Build.0 = Debug|Any CPU
		{5A5BCFA5-7514-425C-B0D8-D9FDC8D4A3FB}.Debug|x86.ActiveCfg = Debug|Any CPU
		{5A5BCFA5-7514-425C-B0D8-D9FDC8D4A3FB}.Release|Any CPU.ActiveCfg = Release|Any CPU
		{5A5BCFA5-7514-425C-B0D8-D9FDC8D4A3FB}.Release|Any CPU.Build.0 = Release|Any CPU
		{5A5BCFA5-7514-425C-B0D8-D9FDC8D4A3FB}.Release|Mixed Platforms.ActiveCfg = Release|Any CPU
		{5A5BCFA5-7514-425C-B0D8-D9FDC8D4A3FB}.Release|Mixed Platforms.Build.0 = Release|Any CPU
		{5A5BCFA5-7514-425C-B0D8-D9FDC8D4A3FB}.Release|x86.ActiveCfg = Release|Any CPU
		{3FBA3F83-7C4E-4324-AA98-D77293744AB4}.CodeAnalysis|Any CPU.ActiveCfg = Release|Any CPU
		{3FBA3F83-7C4E-4324-AA98-D77293744AB4}.CodeAnalysis|Any CPU.Build.0 = Release|Any CPU
		{3FBA3F83-7C4E-4324-AA98-D77293744AB4}.CodeAnalysis|Mixed Platforms.ActiveCfg = Release|Any CPU
		{3FBA3F83-7C4E-4324-AA98-D77293744AB4}.CodeAnalysis|Mixed Platforms.Build.0 = Release|Any CPU
		{3FBA3F83-7C4E-4324-AA98-D77293744AB4}.CodeAnalysis|x86.ActiveCfg = Release|Any CPU
		{3FBA3F83-7C4E-4324-AA98-D77293744AB4}.Debug|Any CPU.ActiveCfg = Debug|Any CPU
		{3FBA3F83-7C4E-4324-AA98-D77293744AB4}.Debug|Any CPU.Build.0 = Debug|Any CPU
		{3FBA3F83-7C4E-4324-AA98-D77293744AB4}.Debug|Mixed Platforms.ActiveCfg = Debug|Any CPU
		{3FBA3F83-7C4E-4324-AA98-D77293744AB4}.Debug|Mixed Platforms.Build.0 = Debug|Any CPU
		{3FBA3F83-7C4E-4324-AA98-D77293744AB4}.Debug|x86.ActiveCfg = Debug|Any CPU
		{3FBA3F83-7C4E-4324-AA98-D77293744AB4}.Release|Any CPU.ActiveCfg = Release|Any CPU
		{3FBA3F83-7C4E-4324-AA98-D77293744AB4}.Release|Any CPU.Build.0 = Release|Any CPU
		{3FBA3F83-7C4E-4324-AA98-D77293744AB4}.Release|Mixed Platforms.ActiveCfg = Release|Any CPU
		{3FBA3F83-7C4E-4324-AA98-D77293744AB4}.Release|Mixed Platforms.Build.0 = Release|Any CPU
		{3FBA3F83-7C4E-4324-AA98-D77293744AB4}.Release|x86.ActiveCfg = Release|Any CPU
		{6830FDA5-C54C-4891-ACF5-19D9425D9422}.CodeAnalysis|Any CPU.ActiveCfg = Release|Any CPU
		{6830FDA5-C54C-4891-ACF5-19D9425D9422}.CodeAnalysis|Any CPU.Build.0 = Release|Any CPU
		{6830FDA5-C54C-4891-ACF5-19D9425D9422}.CodeAnalysis|Mixed Platforms.ActiveCfg = Release|Any CPU
		{6830FDA5-C54C-4891-ACF5-19D9425D9422}.CodeAnalysis|Mixed Platforms.Build.0 = Release|Any CPU
		{6830FDA5-C54C-4891-ACF5-19D9425D9422}.CodeAnalysis|x86.ActiveCfg = Release|Any CPU
		{6830FDA5-C54C-4891-ACF5-19D9425D9422}.Debug|Any CPU.ActiveCfg = Debug|Any CPU
		{6830FDA5-C54C-4891-ACF5-19D9425D9422}.Debug|Any CPU.Build.0 = Debug|Any CPU
		{6830FDA5-C54C-4891-ACF5-19D9425D9422}.Debug|Mixed Platforms.ActiveCfg = Debug|Any CPU
		{6830FDA5-C54C-4891-ACF5-19D9425D9422}.Debug|Mixed Platforms.Build.0 = Debug|Any CPU
		{6830FDA5-C54C-4891-ACF5-19D9425D9422}.Debug|x86.ActiveCfg = Debug|Any CPU
		{6830FDA5-C54C-4891-ACF5-19D9425D9422}.Release|Any CPU.ActiveCfg = Release|Any CPU
		{6830FDA5-C54C-4891-ACF5-19D9425D9422}.Release|Any CPU.Build.0 = Release|Any CPU
		{6830FDA5-C54C-4891-ACF5-19D9425D9422}.Release|Mixed Platforms.ActiveCfg = Release|Any CPU
		{6830FDA5-C54C-4891-ACF5-19D9425D9422}.Release|Mixed Platforms.Build.0 = Release|Any CPU
		{6830FDA5-C54C-4891-ACF5-19D9425D9422}.Release|x86.ActiveCfg = Release|Any CPU
		{9EBE2DF9-5BF5-4671-9B2B-3C33A1BF248F}.CodeAnalysis|Any CPU.ActiveCfg = Release|Any CPU
		{9EBE2DF9-5BF5-4671-9B2B-3C33A1BF248F}.CodeAnalysis|Any CPU.Build.0 = Release|Any CPU
		{9EBE2DF9-5BF5-4671-9B2B-3C33A1BF248F}.CodeAnalysis|Mixed Platforms.ActiveCfg = Release|Any CPU
		{9EBE2DF9-5BF5-4671-9B2B-3C33A1BF248F}.CodeAnalysis|Mixed Platforms.Build.0 = Release|Any CPU
		{9EBE2DF9-5BF5-4671-9B2B-3C33A1BF248F}.CodeAnalysis|x86.ActiveCfg = Release|Any CPU
		{9EBE2DF9-5BF5-4671-9B2B-3C33A1BF248F}.Debug|Any CPU.ActiveCfg = Debug|Any CPU
		{9EBE2DF9-5BF5-4671-9B2B-3C33A1BF248F}.Debug|Any CPU.Build.0 = Debug|Any CPU
		{9EBE2DF9-5BF5-4671-9B2B-3C33A1BF248F}.Debug|Mixed Platforms.ActiveCfg = Debug|Any CPU
		{9EBE2DF9-5BF5-4671-9B2B-3C33A1BF248F}.Debug|Mixed Platforms.Build.0 = Debug|Any CPU
		{9EBE2DF9-5BF5-4671-9B2B-3C33A1BF248F}.Debug|x86.ActiveCfg = Debug|Any CPU
		{9EBE2DF9-5BF5-4671-9B2B-3C33A1BF248F}.Release|Any CPU.ActiveCfg = Release|Any CPU
		{9EBE2DF9-5BF5-4671-9B2B-3C33A1BF248F}.Release|Any CPU.Build.0 = Release|Any CPU
		{9EBE2DF9-5BF5-4671-9B2B-3C33A1BF248F}.Release|Mixed Platforms.ActiveCfg = Release|Any CPU
		{9EBE2DF9-5BF5-4671-9B2B-3C33A1BF248F}.Release|Mixed Platforms.Build.0 = Release|Any CPU
		{9EBE2DF9-5BF5-4671-9B2B-3C33A1BF248F}.Release|x86.ActiveCfg = Release|Any CPU
		{9927ACAA-4371-4DAB-A0AE-C25E6B62CD4A}.CodeAnalysis|Any CPU.ActiveCfg = Release|Any CPU
		{9927ACAA-4371-4DAB-A0AE-C25E6B62CD4A}.CodeAnalysis|Any CPU.Build.0 = Release|Any CPU
		{9927ACAA-4371-4DAB-A0AE-C25E6B62CD4A}.CodeAnalysis|Mixed Platforms.ActiveCfg = Release|Any CPU
		{9927ACAA-4371-4DAB-A0AE-C25E6B62CD4A}.CodeAnalysis|Mixed Platforms.Build.0 = Release|Any CPU
		{9927ACAA-4371-4DAB-A0AE-C25E6B62CD4A}.CodeAnalysis|x86.ActiveCfg = Release|Any CPU
		{9927ACAA-4371-4DAB-A0AE-C25E6B62CD4A}.Debug|Any CPU.ActiveCfg = Debug|Any CPU
		{9927ACAA-4371-4DAB-A0AE-C25E6B62CD4A}.Debug|Any CPU.Build.0 = Debug|Any CPU
		{9927ACAA-4371-4DAB-A0AE-C25E6B62CD4A}.Debug|Mixed Platforms.ActiveCfg = Debug|Any CPU
		{9927ACAA-4371-4DAB-A0AE-C25E6B62CD4A}.Debug|Mixed Platforms.Build.0 = Debug|Any CPU
		{9927ACAA-4371-4DAB-A0AE-C25E6B62CD4A}.Debug|x86.ActiveCfg = Debug|Any CPU
		{9927ACAA-4371-4DAB-A0AE-C25E6B62CD4A}.Release|Any CPU.ActiveCfg = Release|Any CPU
		{9927ACAA-4371-4DAB-A0AE-C25E6B62CD4A}.Release|Any CPU.Build.0 = Release|Any CPU
		{9927ACAA-4371-4DAB-A0AE-C25E6B62CD4A}.Release|Mixed Platforms.ActiveCfg = Release|Any CPU
		{9927ACAA-4371-4DAB-A0AE-C25E6B62CD4A}.Release|Mixed Platforms.Build.0 = Release|Any CPU
		{9927ACAA-4371-4DAB-A0AE-C25E6B62CD4A}.Release|x86.ActiveCfg = Release|Any CPU
		{836486E4-C216-44F3-80F6-A30FE0CB473D}.CodeAnalysis|Any CPU.ActiveCfg = Release|Any CPU
		{836486E4-C216-44F3-80F6-A30FE0CB473D}.CodeAnalysis|Any CPU.Build.0 = Release|Any CPU
		{836486E4-C216-44F3-80F6-A30FE0CB473D}.CodeAnalysis|Mixed Platforms.ActiveCfg = Release|Any CPU
		{836486E4-C216-44F3-80F6-A30FE0CB473D}.CodeAnalysis|Mixed Platforms.Build.0 = Release|Any CPU
		{836486E4-C216-44F3-80F6-A30FE0CB473D}.CodeAnalysis|x86.ActiveCfg = Release|Any CPU
		{836486E4-C216-44F3-80F6-A30FE0CB473D}.Debug|Any CPU.ActiveCfg = Debug|Any CPU
		{836486E4-C216-44F3-80F6-A30FE0CB473D}.Debug|Any CPU.Build.0 = Debug|Any CPU
		{836486E4-C216-44F3-80F6-A30FE0CB473D}.Debug|Mixed Platforms.ActiveCfg = Debug|Any CPU
		{836486E4-C216-44F3-80F6-A30FE0CB473D}.Debug|Mixed Platforms.Build.0 = Debug|Any CPU
		{836486E4-C216-44F3-80F6-A30FE0CB473D}.Debug|x86.ActiveCfg = Debug|Any CPU
		{836486E4-C216-44F3-80F6-A30FE0CB473D}.Release|Any CPU.ActiveCfg = Release|Any CPU
		{836486E4-C216-44F3-80F6-A30FE0CB473D}.Release|Any CPU.Build.0 = Release|Any CPU
		{836486E4-C216-44F3-80F6-A30FE0CB473D}.Release|Mixed Platforms.ActiveCfg = Release|Any CPU
		{836486E4-C216-44F3-80F6-A30FE0CB473D}.Release|Mixed Platforms.Build.0 = Release|Any CPU
		{836486E4-C216-44F3-80F6-A30FE0CB473D}.Release|x86.ActiveCfg = Release|Any CPU
		{10AA8824-2A4F-4510-8A43-2A3B2B623FB4}.CodeAnalysis|Any CPU.ActiveCfg = Release|Any CPU
		{10AA8824-2A4F-4510-8A43-2A3B2B623FB4}.CodeAnalysis|Any CPU.Build.0 = Release|Any CPU
		{10AA8824-2A4F-4510-8A43-2A3B2B623FB4}.CodeAnalysis|Mixed Platforms.ActiveCfg = Release|Any CPU
		{10AA8824-2A4F-4510-8A43-2A3B2B623FB4}.CodeAnalysis|Mixed Platforms.Build.0 = Release|Any CPU
		{10AA8824-2A4F-4510-8A43-2A3B2B623FB4}.CodeAnalysis|x86.ActiveCfg = Release|Any CPU
		{10AA8824-2A4F-4510-8A43-2A3B2B623FB4}.Debug|Any CPU.ActiveCfg = Debug|Any CPU
		{10AA8824-2A4F-4510-8A43-2A3B2B623FB4}.Debug|Any CPU.Build.0 = Debug|Any CPU
		{10AA8824-2A4F-4510-8A43-2A3B2B623FB4}.Debug|Mixed Platforms.ActiveCfg = Debug|Any CPU
		{10AA8824-2A4F-4510-8A43-2A3B2B623FB4}.Debug|Mixed Platforms.Build.0 = Debug|Any CPU
		{10AA8824-2A4F-4510-8A43-2A3B2B623FB4}.Debug|x86.ActiveCfg = Debug|Any CPU
		{10AA8824-2A4F-4510-8A43-2A3B2B623FB4}.Release|Any CPU.ActiveCfg = Release|Any CPU
		{10AA8824-2A4F-4510-8A43-2A3B2B623FB4}.Release|Any CPU.Build.0 = Release|Any CPU
		{10AA8824-2A4F-4510-8A43-2A3B2B623FB4}.Release|Mixed Platforms.ActiveCfg = Release|Any CPU
		{10AA8824-2A4F-4510-8A43-2A3B2B623FB4}.Release|Mixed Platforms.Build.0 = Release|Any CPU
		{10AA8824-2A4F-4510-8A43-2A3B2B623FB4}.Release|x86.ActiveCfg = Release|Any CPU
		{C4B38E80-4E9C-45BC-8001-E1DE5B72CBA2}.CodeAnalysis|Any CPU.ActiveCfg = Release|Any CPU
		{C4B38E80-4E9C-45BC-8001-E1DE5B72CBA2}.CodeAnalysis|Any CPU.Build.0 = Release|Any CPU
		{C4B38E80-4E9C-45BC-8001-E1DE5B72CBA2}.CodeAnalysis|Mixed Platforms.ActiveCfg = Release|Any CPU
		{C4B38E80-4E9C-45BC-8001-E1DE5B72CBA2}.CodeAnalysis|Mixed Platforms.Build.0 = Release|Any CPU
		{C4B38E80-4E9C-45BC-8001-E1DE5B72CBA2}.CodeAnalysis|x86.ActiveCfg = Release|Any CPU
		{C4B38E80-4E9C-45BC-8001-E1DE5B72CBA2}.Debug|Any CPU.ActiveCfg = Debug|Any CPU
		{C4B38E80-4E9C-45BC-8001-E1DE5B72CBA2}.Debug|Any CPU.Build.0 = Debug|Any CPU
		{C4B38E80-4E9C-45BC-8001-E1DE5B72CBA2}.Debug|Mixed Platforms.ActiveCfg = Debug|Any CPU
		{C4B38E80-4E9C-45BC-8001-E1DE5B72CBA2}.Debug|Mixed Platforms.Build.0 = Debug|Any CPU
		{C4B38E80-4E9C-45BC-8001-E1DE5B72CBA2}.Debug|x86.ActiveCfg = Debug|Any CPU
		{C4B38E80-4E9C-45BC-8001-E1DE5B72CBA2}.Release|Any CPU.ActiveCfg = Release|Any CPU
		{C4B38E80-4E9C-45BC-8001-E1DE5B72CBA2}.Release|Any CPU.Build.0 = Release|Any CPU
		{C4B38E80-4E9C-45BC-8001-E1DE5B72CBA2}.Release|Mixed Platforms.ActiveCfg = Release|Any CPU
		{C4B38E80-4E9C-45BC-8001-E1DE5B72CBA2}.Release|Mixed Platforms.Build.0 = Release|Any CPU
		{C4B38E80-4E9C-45BC-8001-E1DE5B72CBA2}.Release|x86.ActiveCfg = Release|Any CPU
		{069377AB-2288-4E8E-B551-6AD973B8496E}.CodeAnalysis|Any CPU.ActiveCfg = Release|Any CPU
		{069377AB-2288-4E8E-B551-6AD973B8496E}.CodeAnalysis|Any CPU.Build.0 = Release|Any CPU
		{069377AB-2288-4E8E-B551-6AD973B8496E}.CodeAnalysis|Mixed Platforms.ActiveCfg = Release|Any CPU
		{069377AB-2288-4E8E-B551-6AD973B8496E}.CodeAnalysis|Mixed Platforms.Build.0 = Release|Any CPU
		{069377AB-2288-4E8E-B551-6AD973B8496E}.CodeAnalysis|x86.ActiveCfg = Release|Any CPU
		{069377AB-2288-4E8E-B551-6AD973B8496E}.Debug|Any CPU.ActiveCfg = Debug|Any CPU
		{069377AB-2288-4E8E-B551-6AD973B8496E}.Debug|Any CPU.Build.0 = Debug|Any CPU
		{069377AB-2288-4E8E-B551-6AD973B8496E}.Debug|Mixed Platforms.ActiveCfg = Debug|Any CPU
		{069377AB-2288-4E8E-B551-6AD973B8496E}.Debug|Mixed Platforms.Build.0 = Debug|Any CPU
		{069377AB-2288-4E8E-B551-6AD973B8496E}.Debug|x86.ActiveCfg = Debug|Any CPU
		{069377AB-2288-4E8E-B551-6AD973B8496E}.Release|Any CPU.ActiveCfg = Release|Any CPU
		{069377AB-2288-4E8E-B551-6AD973B8496E}.Release|Any CPU.Build.0 = Release|Any CPU
		{069377AB-2288-4E8E-B551-6AD973B8496E}.Release|Mixed Platforms.ActiveCfg = Release|Any CPU
		{069377AB-2288-4E8E-B551-6AD973B8496E}.Release|Mixed Platforms.Build.0 = Release|Any CPU
		{069377AB-2288-4E8E-B551-6AD973B8496E}.Release|x86.ActiveCfg = Release|Any CPU
		{FCB2CF19-EBE7-4DCF-BD48-EC164015BA3F}.CodeAnalysis|Any CPU.ActiveCfg = Release|Any CPU
		{FCB2CF19-EBE7-4DCF-BD48-EC164015BA3F}.CodeAnalysis|Any CPU.Build.0 = Release|Any CPU
		{FCB2CF19-EBE7-4DCF-BD48-EC164015BA3F}.CodeAnalysis|Mixed Platforms.ActiveCfg = Release|Any CPU
		{FCB2CF19-EBE7-4DCF-BD48-EC164015BA3F}.CodeAnalysis|Mixed Platforms.Build.0 = Release|Any CPU
		{FCB2CF19-EBE7-4DCF-BD48-EC164015BA3F}.CodeAnalysis|x86.ActiveCfg = Release|Any CPU
		{FCB2CF19-EBE7-4DCF-BD48-EC164015BA3F}.Debug|Any CPU.ActiveCfg = Debug|Any CPU
		{FCB2CF19-EBE7-4DCF-BD48-EC164015BA3F}.Debug|Any CPU.Build.0 = Debug|Any CPU
		{FCB2CF19-EBE7-4DCF-BD48-EC164015BA3F}.Debug|Mixed Platforms.ActiveCfg = Debug|Any CPU
		{FCB2CF19-EBE7-4DCF-BD48-EC164015BA3F}.Debug|Mixed Platforms.Build.0 = Debug|Any CPU
		{FCB2CF19-EBE7-4DCF-BD48-EC164015BA3F}.Debug|x86.ActiveCfg = Debug|Any CPU
		{FCB2CF19-EBE7-4DCF-BD48-EC164015BA3F}.Release|Any CPU.ActiveCfg = Release|Any CPU
		{FCB2CF19-EBE7-4DCF-BD48-EC164015BA3F}.Release|Any CPU.Build.0 = Release|Any CPU
		{FCB2CF19-EBE7-4DCF-BD48-EC164015BA3F}.Release|Mixed Platforms.ActiveCfg = Release|Any CPU
		{FCB2CF19-EBE7-4DCF-BD48-EC164015BA3F}.Release|Mixed Platforms.Build.0 = Release|Any CPU
		{FCB2CF19-EBE7-4DCF-BD48-EC164015BA3F}.Release|x86.ActiveCfg = Release|Any CPU
		{543D3FDE-4931-40B0-B5D3-A912D145E6E3}.CodeAnalysis|Any CPU.ActiveCfg = Release|Any CPU
		{543D3FDE-4931-40B0-B5D3-A912D145E6E3}.CodeAnalysis|Any CPU.Build.0 = Release|Any CPU
		{543D3FDE-4931-40B0-B5D3-A912D145E6E3}.CodeAnalysis|Mixed Platforms.ActiveCfg = Release|Any CPU
		{543D3FDE-4931-40B0-B5D3-A912D145E6E3}.CodeAnalysis|Mixed Platforms.Build.0 = Release|Any CPU
		{543D3FDE-4931-40B0-B5D3-A912D145E6E3}.CodeAnalysis|x86.ActiveCfg = Release|Any CPU
		{543D3FDE-4931-40B0-B5D3-A912D145E6E3}.Debug|Any CPU.ActiveCfg = Debug|Any CPU
		{543D3FDE-4931-40B0-B5D3-A912D145E6E3}.Debug|Any CPU.Build.0 = Debug|Any CPU
		{543D3FDE-4931-40B0-B5D3-A912D145E6E3}.Debug|Mixed Platforms.ActiveCfg = Debug|Any CPU
		{543D3FDE-4931-40B0-B5D3-A912D145E6E3}.Debug|Mixed Platforms.Build.0 = Debug|Any CPU
		{543D3FDE-4931-40B0-B5D3-A912D145E6E3}.Debug|x86.ActiveCfg = Debug|Any CPU
		{543D3FDE-4931-40B0-B5D3-A912D145E6E3}.Release|Any CPU.ActiveCfg = Release|Any CPU
		{543D3FDE-4931-40B0-B5D3-A912D145E6E3}.Release|Any CPU.Build.0 = Release|Any CPU
		{543D3FDE-4931-40B0-B5D3-A912D145E6E3}.Release|Mixed Platforms.ActiveCfg = Release|Any CPU
		{543D3FDE-4931-40B0-B5D3-A912D145E6E3}.Release|Mixed Platforms.Build.0 = Release|Any CPU
		{543D3FDE-4931-40B0-B5D3-A912D145E6E3}.Release|x86.ActiveCfg = Release|Any CPU
	EndGlobalSection
	GlobalSection(SolutionProperties) = preSolution
		HideSolutionNode = FALSE
	EndGlobalSection
	GlobalSection(NestedProjects) = preSolution
		{658CC64F-B755-4BA1-99B0-591954D31743} = {E5E18E0E-886F-47F8-B3D6-5345D70BED5D}
		{DC941C88-803C-4E56-BDFE-B72A1F8377AD} = {45A68AF4-E245-4D8E-910A-B6A21D084D36}
		{CE11B657-268A-4FBA-A110-2A92E4FE53C4} = {9C6396EE-90F4-4263-A048-49DF9A67A624}
		{4A796F62-28BC-4F45-A570-5C2CDC4A53A1} = {9C6396EE-90F4-4263-A048-49DF9A67A624}
		{FCA69456-287E-4D31-B555-EB3D3D6D33B7} = {E5E18E0E-886F-47F8-B3D6-5345D70BED5D}
		{3EF05A0E-98C0-4C87-8098-86D7FDEA8A3F} = {4CB2D6FA-0ED5-41EB-95D9-E841AAD60660}
		{F8B7340E-4A33-4DB9-B29C-0E6259F2D8B6} = {9C6396EE-90F4-4263-A048-49DF9A67A624}
		{BC19BEEE-9F24-4DE3-AC41-524AC046B2CF} = {E5E18E0E-886F-47F8-B3D6-5345D70BED5D}
		{A55EE877-C49A-49C1-8943-2FBD6061207E} = {4CB2D6FA-0ED5-41EB-95D9-E841AAD60660}
		{9E8F2D2D-B074-4D22-A271-8BD911C3AF6A} = {9C6396EE-90F4-4263-A048-49DF9A67A624}
		{98512880-701E-4798-AC96-EB9B2659DCC7} = {45A68AF4-E245-4D8E-910A-B6A21D084D36}
		{735D5507-702D-40AD-AE9A-FC5B1792ABB0} = {5775FF1E-EB83-4920-AAD6-565E122D2407}
		{DA03C85E-6BF2-4EC1-BD13-DBFC5A3B3018} = {9C6396EE-90F4-4263-A048-49DF9A67A624}
		{9D7C61A2-BFDC-4638-8DA8-FF69526AA0CD} = {6450DD6E-D77D-4BC6-8476-D2D1613053B9}
		{16C53383-42A7-4855-9E3A-5A473EA8716D} = {6450DD6E-D77D-4BC6-8476-D2D1613053B9}
		{7DBEA20E-3095-4D37-B651-0C172D2A3598} = {31D6EF4E-22DA-44C1-9BE3-CA500F10AE03}
		{1AC97F49-8C31-433E-8D15-F5B5F9CD04E8} = {5775FF1E-EB83-4920-AAD6-565E122D2407}
		{BF19381C-95A1-4B7B-8ECB-A0DABCB9B906} = {6450DD6E-D77D-4BC6-8476-D2D1613053B9}
		{6E69DEEF-81A1-4B7A-A5FE-C497164DF0F9} = {45A68AF4-E245-4D8E-910A-B6A21D084D36}
		{FA9ECF9A-ADA5-452A-B3D2-88D2DAEC61FD} = {9C6396EE-90F4-4263-A048-49DF9A67A624}
		{2FB78B32-4790-4EA5-AF52-7A4AC4037987} = {9C6396EE-90F4-4263-A048-49DF9A67A624}
		{E65A1C84-D68D-4712-BBD2-9891EE95E481} = {4CB2D6FA-0ED5-41EB-95D9-E841AAD60660}
		{2D195BC7-A964-440E-AA73-97343AEF49F8} = {31D6EF4E-22DA-44C1-9BE3-CA500F10AE03}
		{5A5BCFA5-7514-425C-B0D8-D9FDC8D4A3FB} = {9C6396EE-90F4-4263-A048-49DF9A67A624}
		{3FBA3F83-7C4E-4324-AA98-D77293744AB4} = {9C6396EE-90F4-4263-A048-49DF9A67A624}
		{6830FDA5-C54C-4891-ACF5-19D9425D9422} = {9C6396EE-90F4-4263-A048-49DF9A67A624}
		{9EBE2DF9-5BF5-4671-9B2B-3C33A1BF248F} = {9C6396EE-90F4-4263-A048-49DF9A67A624}
		{9927ACAA-4371-4DAB-A0AE-C25E6B62CD4A} = {9C6396EE-90F4-4263-A048-49DF9A67A624}
		{836486E4-C216-44F3-80F6-A30FE0CB473D} = {9C6396EE-90F4-4263-A048-49DF9A67A624}
		{10AA8824-2A4F-4510-8A43-2A3B2B623FB4} = {2E92A703-72E1-4E15-94C9-4BE27FA8091D}
		{C4B38E80-4E9C-45BC-8001-E1DE5B72CBA2} = {9C6396EE-90F4-4263-A048-49DF9A67A624}
		{069377AB-2288-4E8E-B551-6AD973B8496E} = {6450DD6E-D77D-4BC6-8476-D2D1613053B9}
		{FCB2CF19-EBE7-4DCF-BD48-EC164015BA3F} = {9C6396EE-90F4-4263-A048-49DF9A67A624}
		{543D3FDE-4931-40B0-B5D3-A912D145E6E3} = {6450DD6E-D77D-4BC6-8476-D2D1613053B9}
	EndGlobalSection
EndGlobal
