
Microsoft Visual Studio Solution File, Format Version 12.00
# Visual Studio 2012
Project("{FAE04EC0-301F-11D3-BF4B-00C04F79EFBC}") = "MediaInfoLibrary", "Common\MediaInfoLibrary\MediaInfoLibrary.csproj", "{CE11B657-268A-4FBA-A110-2A92E4FE53C4}"
EndProject
Project("{FAE04EC0-301F-11D3-BF4B-00C04F79EFBC}") = "Configuration.Azure", "Common\Configuration.Azure\Configuration.Azure.csproj", "{4A796F62-28BC-4F45-A570-5C2CDC4A53A1}"
EndProject
Project("{FAE04EC0-301F-11D3-BF4B-00C04F79EFBC}") = "FileInformation", "Common\File.Information\FileInformation.csproj", "{F8B7340E-4A33-4DB9-B29C-0E6259F2D8B6}"
EndProject
Project("{2150E333-8FDC-42A3-9474-1A3956D46DE8}") = "Common", "Common", "{9C6396EE-90F4-4263-A048-49DF9A67A624}"
EndProject
Project("{FAE04EC0-301F-11D3-BF4B-00C04F79EFBC}") = "Wrappers", "Common\Wrappers\Wrappers.csproj", "{9E8F2D2D-B074-4D22-A271-8BD911C3AF6A}"
EndProject
Project("{2150E333-8FDC-42A3-9474-1A3956D46DE8}") = "DAL", "DAL", "{6450DD6E-D77D-4BC6-8476-D2D1613053B9}"
EndProject
Project("{FAE04EC0-301F-11D3-BF4B-00C04F79EFBC}") = "Portal.DAL", "DAL\Portal.DAL\Portal.DAL.csproj", "{9D7C61A2-BFDC-4638-8DA8-FF69526AA0CD}"
EndProject
Project("{FAE04EC0-301F-11D3-BF4B-00C04F79EFBC}") = "Portal.DAL.Azure", "DAL\Portal.DAL.Azure\Portal.DAL.Azure.csproj", "{16C53383-42A7-4855-9E3A-5A473EA8716D}"
EndProject
Project("{2150E333-8FDC-42A3-9474-1A3956D46DE8}") = "BLL", "BLL", "{31D6EF4E-22DA-44C1-9BE3-CA500F10AE03}"
EndProject
Project("{FAE04EC0-301F-11D3-BF4B-00C04F79EFBC}") = "Portal.BLL", "BLL\Portal.BLL\Portal.BLL.csproj", "{7DBEA20E-3095-4D37-B651-0C172D2A3598}"
EndProject
Project("{2150E333-8FDC-42A3-9474-1A3956D46DE8}") = "SLL", "SLL", "{3C6DDB3E-CD1F-417F-A0D4-56983F097324}"
EndProject
Project("{FAE04EC0-301F-11D3-BF4B-00C04F79EFBC}") = "Portal.SLL", "SLL\Portal.SLL\Portal.SLL.csproj", "{73103A15-B341-49A2-B6BE-BD08396791BC}"
EndProject
Project("{FAE04EC0-301F-11D3-BF4B-00C04F79EFBC}") = "Portal.DAL.Infrastructure", "DAL\Portal.DAL.Infrastructure\Portal.DAL.Infrastructure.csproj", "{BF19381C-95A1-4B7B-8ECB-A0DABCB9B906}"
EndProject
Project("{2150E333-8FDC-42A3-9474-1A3956D46DE8}") = "Tests", "Tests", "{4ECC40A2-0E51-4FCD-9458-88C179853911}"
EndProject
Project("{FAE04EC0-301F-11D3-BF4B-00C04F79EFBC}") = "Portal.Repository.Tests", "..\Tests\Portal.Repository.Tests\Portal.Repository.Tests.csproj", "{235E21C0-3BC2-4F79-8FF0-8DA3A47CB027}"
EndProject
Project("{FAE04EC0-301F-11D3-BF4B-00C04F79EFBC}") = "Portal.Exceptions", "Common\Portal.Exceptions\Portal.Exceptions.csproj", "{FA9ECF9A-ADA5-452A-B3D2-88D2DAEC61FD}"
EndProject
Project("{2150E333-8FDC-42A3-9474-1A3956D46DE8}") = "Solution Items", "Solution Items", "{EBD70C2A-80DB-4CC1-B39C-ED22B7E0996B}"
	ProjectSection(SolutionItems) = preProject
		Core.Tests.vsmdi = Core.Tests.vsmdi
		Local.testsettings = Local.testsettings
		TraceAndTestImpact.testsettings = TraceAndTestImpact.testsettings
	EndProjectSection
EndProject
Project("{FAE04EC0-301F-11D3-BF4B-00C04F79EFBC}") = "Portal.SLL.Tests", "..\Tests\Portal.SLL.Tests\Portal.SLL.Tests.csproj", "{E1C574B3-1307-4D90-840D-4B3983FB8683}"
EndProject
Project("{FAE04EC0-301F-11D3-BF4B-00C04F79EFBC}") = "Portal.DAL.Video.Tests", "..\Tests\Portal.DAL.Video.Tests\Portal.DAL.Video.Tests.csproj", "{DF234209-1B4A-49AD-A51E-E5728D56BE0B}"
EndProject
Project("{FAE04EC0-301F-11D3-BF4B-00C04F79EFBC}") = "Portal.DAL.Infrastructure.Tests", "..\Tests\Portal.DAL.Infrastructure.Tests\Portal.DAL.Infrastructure.Tests.csproj", "{96871612-072B-4FDF-B165-E979030F6B52}"
EndProject
Project("{FAE04EC0-301F-11D3-BF4B-00C04F79EFBC}") = "Portal.Mappers", "Common\Portal.Mappers\Portal.Mappers.csproj", "{2FB78B32-4790-4EA5-AF52-7A4AC4037987}"
EndProject
Project("{FAE04EC0-301F-11D3-BF4B-00C04F79EFBC}") = "Portal.Domain.Azure.Tests", "..\Tests\Portal.Domain.Azure.Tests\Portal.Domain.Azure.Tests.csproj", "{561CBE8E-D003-428E-81E4-713DE12075F6}"
EndProject
Project("{2150E333-8FDC-42A3-9474-1A3956D46DE8}") = "Entities", "Entities", "{29E66C52-E86C-4F07-8B75-E39F9F74738C}"
EndProject
Project("{FAE04EC0-301F-11D3-BF4B-00C04F79EFBC}") = "Portal.DAL.Entities", "Entities\Portal.DAL.Entities\Portal.DAL.Entities.csproj", "{E65A1C84-D68D-4712-BBD2-9891EE95E481}"
EndProject
Project("{FAE04EC0-301F-11D3-BF4B-00C04F79EFBC}") = "Portal.Domain", "Entities\Portal.Domain\Portal.Domain.csproj", "{3EF05A0E-98C0-4C87-8098-86D7FDEA8A3F}"
EndProject
Project("{FAE04EC0-301F-11D3-BF4B-00C04F79EFBC}") = "Portal.DTO", "Entities\Portal.DTO\Portal.DTO.csproj", "{A55EE877-C49A-49C1-8943-2FBD6061207E}"
EndProject
Project("{FAE04EC0-301F-11D3-BF4B-00C04F79EFBC}") = "Portal.BLL.Tests", "..\Tests\Portal.BLL.Tests\Portal.BLL.Tests.csproj", "{AE5D2F06-5E3C-4231-A735-F67607309CCC}"
EndProject
Project("{FAE04EC0-301F-11D3-BF4B-00C04F79EFBC}") = "TestExtension", "..\Tests\TestExtension\TestExtension.csproj", "{746879BE-DE4D-4839-84D8-32EC7474FFAE}"
EndProject
Project("{FAE04EC0-301F-11D3-BF4B-00C04F79EFBC}") = "Portal.Domain.Tests", "..\Tests\Portal.Domain.Tests\Portal.Domain.Tests.csproj", "{90501C22-F132-4956-BA4D-1FC7D7884B2F}"
EndProject
Project("{FAE04EC0-301F-11D3-BF4B-00C04F79EFBC}") = "Portal.Mappers.Tests", "..\Tests\Portal.Mappers.Tests\Portal.Mappers.Tests.csproj", "{D2299080-8378-4E3F-A0AD-33EF5DA00DA2}"
EndProject
Project("{FAE04EC0-301F-11D3-BF4B-00C04F79EFBC}") = "Portal.BLL.Concrete", "BLL\Portal.BLL.Concrete\Portal.BLL.Concrete.csproj", "{2D195BC7-A964-440E-AA73-97343AEF49F8}"
EndProject
Project("{FAE04EC0-301F-11D3-BF4B-00C04F79EFBC}") = "EventAggregator", "Common\EventAggregator\EventAggregator.csproj", "{3FBA3F83-7C4E-4324-AA98-D77293744AB4}"
EndProject
Project("{FAE04EC0-301F-11D3-BF4B-00C04F79EFBC}") = "Configuration", "Common\Configuration\Configuration.csproj", "{5A5BCFA5-7514-425C-B0D8-D9FDC8D4A3FB}"
EndProject
Project("{FAE04EC0-301F-11D3-BF4B-00C04F79EFBC}") = "TestFake", "..\Tests\TestFake\TestFake.csproj", "{6D5D4140-094A-4729-9270-48274DAEEC30}"
EndProject
Project("{FAE04EC0-301F-11D3-BF4B-00C04F79EFBC}") = "VkSdk", "Common\VkSdk\VkSdk.csproj", "{9927ACAA-4371-4DAB-A0AE-C25E6B62CD4A}"
EndProject
Global
	GlobalSection(TestCaseManagementSettings) = postSolution
		CategoryFile = Core.Tests.vsmdi
	EndGlobalSection
	GlobalSection(SolutionConfigurationPlatforms) = preSolution
		Debug|Any CPU = Debug|Any CPU
		Debug|Mixed Platforms = Debug|Mixed Platforms
		Debug|x86 = Debug|x86
		Release|Any CPU = Release|Any CPU
		Release|Mixed Platforms = Release|Mixed Platforms
		Release|x86 = Release|x86
	EndGlobalSection
	GlobalSection(ProjectConfigurationPlatforms) = postSolution
		{CE11B657-268A-4FBA-A110-2A92E4FE53C4}.Debug|Any CPU.ActiveCfg = Debug|Any CPU
		{CE11B657-268A-4FBA-A110-2A92E4FE53C4}.Debug|Any CPU.Build.0 = Debug|Any CPU
		{CE11B657-268A-4FBA-A110-2A92E4FE53C4}.Debug|Mixed Platforms.ActiveCfg = Debug|Any CPU
		{CE11B657-268A-4FBA-A110-2A92E4FE53C4}.Debug|Mixed Platforms.Build.0 = Debug|Any CPU
		{CE11B657-268A-4FBA-A110-2A92E4FE53C4}.Debug|x86.ActiveCfg = Debug|Any CPU
		{CE11B657-268A-4FBA-A110-2A92E4FE53C4}.Release|Any CPU.ActiveCfg = Release|Any CPU
		{CE11B657-268A-4FBA-A110-2A92E4FE53C4}.Release|Any CPU.Build.0 = Release|Any CPU
		{CE11B657-268A-4FBA-A110-2A92E4FE53C4}.Release|Mixed Platforms.ActiveCfg = Release|Any CPU
		{CE11B657-268A-4FBA-A110-2A92E4FE53C4}.Release|Mixed Platforms.Build.0 = Release|Any CPU
		{CE11B657-268A-4FBA-A110-2A92E4FE53C4}.Release|x86.ActiveCfg = Release|Any CPU
		{4A796F62-28BC-4F45-A570-5C2CDC4A53A1}.Debug|Any CPU.ActiveCfg = Debug|Any CPU
		{4A796F62-28BC-4F45-A570-5C2CDC4A53A1}.Debug|Any CPU.Build.0 = Debug|Any CPU
		{4A796F62-28BC-4F45-A570-5C2CDC4A53A1}.Debug|Mixed Platforms.ActiveCfg = Debug|Any CPU
		{4A796F62-28BC-4F45-A570-5C2CDC4A53A1}.Debug|Mixed Platforms.Build.0 = Debug|Any CPU
		{4A796F62-28BC-4F45-A570-5C2CDC4A53A1}.Debug|x86.ActiveCfg = Debug|Any CPU
		{4A796F62-28BC-4F45-A570-5C2CDC4A53A1}.Release|Any CPU.ActiveCfg = Release|Any CPU
		{4A796F62-28BC-4F45-A570-5C2CDC4A53A1}.Release|Any CPU.Build.0 = Release|Any CPU
		{4A796F62-28BC-4F45-A570-5C2CDC4A53A1}.Release|Mixed Platforms.ActiveCfg = Release|Any CPU
		{4A796F62-28BC-4F45-A570-5C2CDC4A53A1}.Release|Mixed Platforms.Build.0 = Release|Any CPU
		{4A796F62-28BC-4F45-A570-5C2CDC4A53A1}.Release|x86.ActiveCfg = Release|Any CPU
		{F8B7340E-4A33-4DB9-B29C-0E6259F2D8B6}.Debug|Any CPU.ActiveCfg = Debug|Any CPU
		{F8B7340E-4A33-4DB9-B29C-0E6259F2D8B6}.Debug|Any CPU.Build.0 = Debug|Any CPU
		{F8B7340E-4A33-4DB9-B29C-0E6259F2D8B6}.Debug|Mixed Platforms.ActiveCfg = Debug|Any CPU
		{F8B7340E-4A33-4DB9-B29C-0E6259F2D8B6}.Debug|Mixed Platforms.Build.0 = Debug|Any CPU
		{F8B7340E-4A33-4DB9-B29C-0E6259F2D8B6}.Debug|x86.ActiveCfg = Debug|Any CPU
		{F8B7340E-4A33-4DB9-B29C-0E6259F2D8B6}.Release|Any CPU.ActiveCfg = Release|Any CPU
		{F8B7340E-4A33-4DB9-B29C-0E6259F2D8B6}.Release|Any CPU.Build.0 = Release|Any CPU
		{F8B7340E-4A33-4DB9-B29C-0E6259F2D8B6}.Release|Mixed Platforms.ActiveCfg = Release|Any CPU
		{F8B7340E-4A33-4DB9-B29C-0E6259F2D8B6}.Release|Mixed Platforms.Build.0 = Release|Any CPU
		{F8B7340E-4A33-4DB9-B29C-0E6259F2D8B6}.Release|x86.ActiveCfg = Release|Any CPU
		{9E8F2D2D-B074-4D22-A271-8BD911C3AF6A}.Debug|Any CPU.ActiveCfg = Debug|Any CPU
		{9E8F2D2D-B074-4D22-A271-8BD911C3AF6A}.Debug|Any CPU.Build.0 = Debug|Any CPU
		{9E8F2D2D-B074-4D22-A271-8BD911C3AF6A}.Debug|Mixed Platforms.ActiveCfg = Debug|Any CPU
		{9E8F2D2D-B074-4D22-A271-8BD911C3AF6A}.Debug|Mixed Platforms.Build.0 = Debug|Any CPU
		{9E8F2D2D-B074-4D22-A271-8BD911C3AF6A}.Debug|x86.ActiveCfg = Debug|Any CPU
		{9E8F2D2D-B074-4D22-A271-8BD911C3AF6A}.Release|Any CPU.ActiveCfg = Release|Any CPU
		{9E8F2D2D-B074-4D22-A271-8BD911C3AF6A}.Release|Any CPU.Build.0 = Release|Any CPU
		{9E8F2D2D-B074-4D22-A271-8BD911C3AF6A}.Release|Mixed Platforms.ActiveCfg = Release|Any CPU
		{9E8F2D2D-B074-4D22-A271-8BD911C3AF6A}.Release|Mixed Platforms.Build.0 = Release|Any CPU
		{9E8F2D2D-B074-4D22-A271-8BD911C3AF6A}.Release|x86.ActiveCfg = Release|Any CPU
		{9D7C61A2-BFDC-4638-8DA8-FF69526AA0CD}.Debug|Any CPU.ActiveCfg = Debug|Any CPU
		{9D7C61A2-BFDC-4638-8DA8-FF69526AA0CD}.Debug|Any CPU.Build.0 = Debug|Any CPU
		{9D7C61A2-BFDC-4638-8DA8-FF69526AA0CD}.Debug|Mixed Platforms.ActiveCfg = Debug|Any CPU
		{9D7C61A2-BFDC-4638-8DA8-FF69526AA0CD}.Debug|Mixed Platforms.Build.0 = Debug|Any CPU
		{9D7C61A2-BFDC-4638-8DA8-FF69526AA0CD}.Debug|x86.ActiveCfg = Debug|Any CPU
		{9D7C61A2-BFDC-4638-8DA8-FF69526AA0CD}.Release|Any CPU.ActiveCfg = Release|Any CPU
		{9D7C61A2-BFDC-4638-8DA8-FF69526AA0CD}.Release|Any CPU.Build.0 = Release|Any CPU
		{9D7C61A2-BFDC-4638-8DA8-FF69526AA0CD}.Release|Mixed Platforms.ActiveCfg = Release|Any CPU
		{9D7C61A2-BFDC-4638-8DA8-FF69526AA0CD}.Release|Mixed Platforms.Build.0 = Release|Any CPU
		{9D7C61A2-BFDC-4638-8DA8-FF69526AA0CD}.Release|x86.ActiveCfg = Release|Any CPU
		{16C53383-42A7-4855-9E3A-5A473EA8716D}.Debug|Any CPU.ActiveCfg = Debug|Any CPU
		{16C53383-42A7-4855-9E3A-5A473EA8716D}.Debug|Any CPU.Build.0 = Debug|Any CPU
		{16C53383-42A7-4855-9E3A-5A473EA8716D}.Debug|Mixed Platforms.ActiveCfg = Debug|Any CPU
		{16C53383-42A7-4855-9E3A-5A473EA8716D}.Debug|Mixed Platforms.Build.0 = Debug|Any CPU
		{16C53383-42A7-4855-9E3A-5A473EA8716D}.Debug|x86.ActiveCfg = Debug|Any CPU
		{16C53383-42A7-4855-9E3A-5A473EA8716D}.Release|Any CPU.ActiveCfg = Release|Any CPU
		{16C53383-42A7-4855-9E3A-5A473EA8716D}.Release|Any CPU.Build.0 = Release|Any CPU
		{16C53383-42A7-4855-9E3A-5A473EA8716D}.Release|Mixed Platforms.ActiveCfg = Release|Any CPU
		{16C53383-42A7-4855-9E3A-5A473EA8716D}.Release|Mixed Platforms.Build.0 = Release|Any CPU
		{16C53383-42A7-4855-9E3A-5A473EA8716D}.Release|x86.ActiveCfg = Release|Any CPU
		{7DBEA20E-3095-4D37-B651-0C172D2A3598}.Debug|Any CPU.ActiveCfg = Debug|Any CPU
		{7DBEA20E-3095-4D37-B651-0C172D2A3598}.Debug|Any CPU.Build.0 = Debug|Any CPU
		{7DBEA20E-3095-4D37-B651-0C172D2A3598}.Debug|Mixed Platforms.ActiveCfg = Debug|Any CPU
		{7DBEA20E-3095-4D37-B651-0C172D2A3598}.Debug|Mixed Platforms.Build.0 = Debug|Any CPU
		{7DBEA20E-3095-4D37-B651-0C172D2A3598}.Debug|x86.ActiveCfg = Debug|Any CPU
		{7DBEA20E-3095-4D37-B651-0C172D2A3598}.Release|Any CPU.ActiveCfg = Release|Any CPU
		{7DBEA20E-3095-4D37-B651-0C172D2A3598}.Release|Any CPU.Build.0 = Release|Any CPU
		{7DBEA20E-3095-4D37-B651-0C172D2A3598}.Release|Mixed Platforms.ActiveCfg = Release|Any CPU
		{7DBEA20E-3095-4D37-B651-0C172D2A3598}.Release|Mixed Platforms.Build.0 = Release|Any CPU
		{7DBEA20E-3095-4D37-B651-0C172D2A3598}.Release|x86.ActiveCfg = Release|Any CPU
		{73103A15-B341-49A2-B6BE-BD08396791BC}.Debug|Any CPU.ActiveCfg = Debug|Any CPU
		{73103A15-B341-49A2-B6BE-BD08396791BC}.Debug|Any CPU.Build.0 = Debug|Any CPU
		{73103A15-B341-49A2-B6BE-BD08396791BC}.Debug|Mixed Platforms.ActiveCfg = Debug|Any CPU
		{73103A15-B341-49A2-B6BE-BD08396791BC}.Debug|Mixed Platforms.Build.0 = Debug|Any CPU
		{73103A15-B341-49A2-B6BE-BD08396791BC}.Debug|x86.ActiveCfg = Debug|Any CPU
		{73103A15-B341-49A2-B6BE-BD08396791BC}.Release|Any CPU.ActiveCfg = Release|Any CPU
		{73103A15-B341-49A2-B6BE-BD08396791BC}.Release|Any CPU.Build.0 = Release|Any CPU
		{73103A15-B341-49A2-B6BE-BD08396791BC}.Release|Mixed Platforms.ActiveCfg = Release|Any CPU
		{73103A15-B341-49A2-B6BE-BD08396791BC}.Release|Mixed Platforms.Build.0 = Release|Any CPU
		{73103A15-B341-49A2-B6BE-BD08396791BC}.Release|x86.ActiveCfg = Release|Any CPU
		{BF19381C-95A1-4B7B-8ECB-A0DABCB9B906}.Debug|Any CPU.ActiveCfg = Debug|Any CPU
		{BF19381C-95A1-4B7B-8ECB-A0DABCB9B906}.Debug|Any CPU.Build.0 = Debug|Any CPU
		{BF19381C-95A1-4B7B-8ECB-A0DABCB9B906}.Debug|Mixed Platforms.ActiveCfg = Debug|Any CPU
		{BF19381C-95A1-4B7B-8ECB-A0DABCB9B906}.Debug|Mixed Platforms.Build.0 = Debug|Any CPU
		{BF19381C-95A1-4B7B-8ECB-A0DABCB9B906}.Debug|x86.ActiveCfg = Debug|Any CPU
		{BF19381C-95A1-4B7B-8ECB-A0DABCB9B906}.Release|Any CPU.ActiveCfg = Release|Any CPU
		{BF19381C-95A1-4B7B-8ECB-A0DABCB9B906}.Release|Any CPU.Build.0 = Release|Any CPU
		{BF19381C-95A1-4B7B-8ECB-A0DABCB9B906}.Release|Mixed Platforms.ActiveCfg = Release|Any CPU
		{BF19381C-95A1-4B7B-8ECB-A0DABCB9B906}.Release|Mixed Platforms.Build.0 = Release|Any CPU
		{BF19381C-95A1-4B7B-8ECB-A0DABCB9B906}.Release|x86.ActiveCfg = Release|Any CPU
		{235E21C0-3BC2-4F79-8FF0-8DA3A47CB027}.Debug|Any CPU.ActiveCfg = Debug|Any CPU
		{235E21C0-3BC2-4F79-8FF0-8DA3A47CB027}.Debug|Any CPU.Build.0 = Debug|Any CPU
		{235E21C0-3BC2-4F79-8FF0-8DA3A47CB027}.Debug|Mixed Platforms.ActiveCfg = Debug|Any CPU
		{235E21C0-3BC2-4F79-8FF0-8DA3A47CB027}.Debug|Mixed Platforms.Build.0 = Debug|Any CPU
		{235E21C0-3BC2-4F79-8FF0-8DA3A47CB027}.Debug|x86.ActiveCfg = Debug|Any CPU
		{235E21C0-3BC2-4F79-8FF0-8DA3A47CB027}.Release|Any CPU.ActiveCfg = Release|Any CPU
		{235E21C0-3BC2-4F79-8FF0-8DA3A47CB027}.Release|Any CPU.Build.0 = Release|Any CPU
		{235E21C0-3BC2-4F79-8FF0-8DA3A47CB027}.Release|Mixed Platforms.ActiveCfg = Release|Any CPU
		{235E21C0-3BC2-4F79-8FF0-8DA3A47CB027}.Release|Mixed Platforms.Build.0 = Release|Any CPU
		{235E21C0-3BC2-4F79-8FF0-8DA3A47CB027}.Release|x86.ActiveCfg = Release|Any CPU
		{FA9ECF9A-ADA5-452A-B3D2-88D2DAEC61FD}.Debug|Any CPU.ActiveCfg = Debug|Any CPU
		{FA9ECF9A-ADA5-452A-B3D2-88D2DAEC61FD}.Debug|Any CPU.Build.0 = Debug|Any CPU
		{FA9ECF9A-ADA5-452A-B3D2-88D2DAEC61FD}.Debug|Mixed Platforms.ActiveCfg = Debug|Any CPU
		{FA9ECF9A-ADA5-452A-B3D2-88D2DAEC61FD}.Debug|Mixed Platforms.Build.0 = Debug|Any CPU
		{FA9ECF9A-ADA5-452A-B3D2-88D2DAEC61FD}.Debug|x86.ActiveCfg = Debug|Any CPU
		{FA9ECF9A-ADA5-452A-B3D2-88D2DAEC61FD}.Release|Any CPU.ActiveCfg = Release|Any CPU
		{FA9ECF9A-ADA5-452A-B3D2-88D2DAEC61FD}.Release|Any CPU.Build.0 = Release|Any CPU
		{FA9ECF9A-ADA5-452A-B3D2-88D2DAEC61FD}.Release|Mixed Platforms.ActiveCfg = Release|Any CPU
		{FA9ECF9A-ADA5-452A-B3D2-88D2DAEC61FD}.Release|Mixed Platforms.Build.0 = Release|Any CPU
		{FA9ECF9A-ADA5-452A-B3D2-88D2DAEC61FD}.Release|x86.ActiveCfg = Release|Any CPU
		{E1C574B3-1307-4D90-840D-4B3983FB8683}.Debug|Any CPU.ActiveCfg = Debug|Any CPU
		{E1C574B3-1307-4D90-840D-4B3983FB8683}.Debug|Any CPU.Build.0 = Debug|Any CPU
		{E1C574B3-1307-4D90-840D-4B3983FB8683}.Debug|Mixed Platforms.ActiveCfg = Debug|Any CPU
		{E1C574B3-1307-4D90-840D-4B3983FB8683}.Debug|Mixed Platforms.Build.0 = Debug|Any CPU
		{E1C574B3-1307-4D90-840D-4B3983FB8683}.Debug|x86.ActiveCfg = Debug|Any CPU
		{E1C574B3-1307-4D90-840D-4B3983FB8683}.Release|Any CPU.ActiveCfg = Release|Any CPU
		{E1C574B3-1307-4D90-840D-4B3983FB8683}.Release|Any CPU.Build.0 = Release|Any CPU
		{E1C574B3-1307-4D90-840D-4B3983FB8683}.Release|Mixed Platforms.ActiveCfg = Release|Any CPU
		{E1C574B3-1307-4D90-840D-4B3983FB8683}.Release|Mixed Platforms.Build.0 = Release|Any CPU
		{E1C574B3-1307-4D90-840D-4B3983FB8683}.Release|x86.ActiveCfg = Release|Any CPU
		{DF234209-1B4A-49AD-A51E-E5728D56BE0B}.Debug|Any CPU.ActiveCfg = Debug|Any CPU
		{DF234209-1B4A-49AD-A51E-E5728D56BE0B}.Debug|Any CPU.Build.0 = Debug|Any CPU
		{DF234209-1B4A-49AD-A51E-E5728D56BE0B}.Debug|Mixed Platforms.ActiveCfg = Debug|Any CPU
		{DF234209-1B4A-49AD-A51E-E5728D56BE0B}.Debug|Mixed Platforms.Build.0 = Debug|Any CPU
		{DF234209-1B4A-49AD-A51E-E5728D56BE0B}.Debug|x86.ActiveCfg = Debug|Any CPU
		{DF234209-1B4A-49AD-A51E-E5728D56BE0B}.Release|Any CPU.ActiveCfg = Release|Any CPU
		{DF234209-1B4A-49AD-A51E-E5728D56BE0B}.Release|Any CPU.Build.0 = Release|Any CPU
		{DF234209-1B4A-49AD-A51E-E5728D56BE0B}.Release|Mixed Platforms.ActiveCfg = Release|Any CPU
		{DF234209-1B4A-49AD-A51E-E5728D56BE0B}.Release|Mixed Platforms.Build.0 = Release|Any CPU
		{DF234209-1B4A-49AD-A51E-E5728D56BE0B}.Release|x86.ActiveCfg = Release|Any CPU
		{96871612-072B-4FDF-B165-E979030F6B52}.Debug|Any CPU.ActiveCfg = Debug|Any CPU
		{96871612-072B-4FDF-B165-E979030F6B52}.Debug|Any CPU.Build.0 = Debug|Any CPU
		{96871612-072B-4FDF-B165-E979030F6B52}.Debug|Mixed Platforms.ActiveCfg = Debug|Any CPU
		{96871612-072B-4FDF-B165-E979030F6B52}.Debug|Mixed Platforms.Build.0 = Debug|Any CPU
		{96871612-072B-4FDF-B165-E979030F6B52}.Debug|x86.ActiveCfg = Debug|Any CPU
		{96871612-072B-4FDF-B165-E979030F6B52}.Release|Any CPU.ActiveCfg = Release|Any CPU
		{96871612-072B-4FDF-B165-E979030F6B52}.Release|Any CPU.Build.0 = Release|Any CPU
		{96871612-072B-4FDF-B165-E979030F6B52}.Release|Mixed Platforms.ActiveCfg = Release|Any CPU
		{96871612-072B-4FDF-B165-E979030F6B52}.Release|Mixed Platforms.Build.0 = Release|Any CPU
		{96871612-072B-4FDF-B165-E979030F6B52}.Release|x86.ActiveCfg = Release|Any CPU
		{2FB78B32-4790-4EA5-AF52-7A4AC4037987}.Debug|Any CPU.ActiveCfg = Debug|Any CPU
		{2FB78B32-4790-4EA5-AF52-7A4AC4037987}.Debug|Any CPU.Build.0 = Debug|Any CPU
		{2FB78B32-4790-4EA5-AF52-7A4AC4037987}.Debug|Mixed Platforms.ActiveCfg = Debug|Any CPU
		{2FB78B32-4790-4EA5-AF52-7A4AC4037987}.Debug|Mixed Platforms.Build.0 = Debug|Any CPU
		{2FB78B32-4790-4EA5-AF52-7A4AC4037987}.Debug|x86.ActiveCfg = Debug|Any CPU
		{2FB78B32-4790-4EA5-AF52-7A4AC4037987}.Release|Any CPU.ActiveCfg = Release|Any CPU
		{2FB78B32-4790-4EA5-AF52-7A4AC4037987}.Release|Any CPU.Build.0 = Release|Any CPU
		{2FB78B32-4790-4EA5-AF52-7A4AC4037987}.Release|Mixed Platforms.ActiveCfg = Release|Any CPU
		{2FB78B32-4790-4EA5-AF52-7A4AC4037987}.Release|Mixed Platforms.Build.0 = Release|Any CPU
		{2FB78B32-4790-4EA5-AF52-7A4AC4037987}.Release|x86.ActiveCfg = Release|Any CPU
		{561CBE8E-D003-428E-81E4-713DE12075F6}.Debug|Any CPU.ActiveCfg = Debug|Any CPU
		{561CBE8E-D003-428E-81E4-713DE12075F6}.Debug|Any CPU.Build.0 = Debug|Any CPU
		{561CBE8E-D003-428E-81E4-713DE12075F6}.Debug|Mixed Platforms.ActiveCfg = Debug|Any CPU
		{561CBE8E-D003-428E-81E4-713DE12075F6}.Debug|Mixed Platforms.Build.0 = Debug|Any CPU
		{561CBE8E-D003-428E-81E4-713DE12075F6}.Debug|x86.ActiveCfg = Debug|Any CPU
		{561CBE8E-D003-428E-81E4-713DE12075F6}.Release|Any CPU.ActiveCfg = Release|Any CPU
		{561CBE8E-D003-428E-81E4-713DE12075F6}.Release|Any CPU.Build.0 = Release|Any CPU
		{561CBE8E-D003-428E-81E4-713DE12075F6}.Release|Mixed Platforms.ActiveCfg = Release|Any CPU
		{561CBE8E-D003-428E-81E4-713DE12075F6}.Release|Mixed Platforms.Build.0 = Release|Any CPU
		{561CBE8E-D003-428E-81E4-713DE12075F6}.Release|x86.ActiveCfg = Release|Any CPU
		{E65A1C84-D68D-4712-BBD2-9891EE95E481}.Debug|Any CPU.ActiveCfg = Debug|Any CPU
		{E65A1C84-D68D-4712-BBD2-9891EE95E481}.Debug|Any CPU.Build.0 = Debug|Any CPU
		{E65A1C84-D68D-4712-BBD2-9891EE95E481}.Debug|Mixed Platforms.ActiveCfg = Debug|Any CPU
		{E65A1C84-D68D-4712-BBD2-9891EE95E481}.Debug|Mixed Platforms.Build.0 = Debug|Any CPU
		{E65A1C84-D68D-4712-BBD2-9891EE95E481}.Debug|x86.ActiveCfg = Debug|Any CPU
		{E65A1C84-D68D-4712-BBD2-9891EE95E481}.Release|Any CPU.ActiveCfg = Release|Any CPU
		{E65A1C84-D68D-4712-BBD2-9891EE95E481}.Release|Any CPU.Build.0 = Release|Any CPU
		{E65A1C84-D68D-4712-BBD2-9891EE95E481}.Release|Mixed Platforms.ActiveCfg = Release|Any CPU
		{E65A1C84-D68D-4712-BBD2-9891EE95E481}.Release|Mixed Platforms.Build.0 = Release|Any CPU
		{E65A1C84-D68D-4712-BBD2-9891EE95E481}.Release|x86.ActiveCfg = Release|Any CPU
		{3EF05A0E-98C0-4C87-8098-86D7FDEA8A3F}.Debug|Any CPU.ActiveCfg = Debug|Any CPU
		{3EF05A0E-98C0-4C87-8098-86D7FDEA8A3F}.Debug|Any CPU.Build.0 = Debug|Any CPU
		{3EF05A0E-98C0-4C87-8098-86D7FDEA8A3F}.Debug|Mixed Platforms.ActiveCfg = Debug|Any CPU
		{3EF05A0E-98C0-4C87-8098-86D7FDEA8A3F}.Debug|Mixed Platforms.Build.0 = Debug|Any CPU
		{3EF05A0E-98C0-4C87-8098-86D7FDEA8A3F}.Debug|x86.ActiveCfg = Debug|Any CPU
		{3EF05A0E-98C0-4C87-8098-86D7FDEA8A3F}.Release|Any CPU.ActiveCfg = Release|Any CPU
		{3EF05A0E-98C0-4C87-8098-86D7FDEA8A3F}.Release|Any CPU.Build.0 = Release|Any CPU
		{3EF05A0E-98C0-4C87-8098-86D7FDEA8A3F}.Release|Mixed Platforms.ActiveCfg = Release|Any CPU
		{3EF05A0E-98C0-4C87-8098-86D7FDEA8A3F}.Release|Mixed Platforms.Build.0 = Release|Any CPU
		{3EF05A0E-98C0-4C87-8098-86D7FDEA8A3F}.Release|x86.ActiveCfg = Release|Any CPU
		{A55EE877-C49A-49C1-8943-2FBD6061207E}.Debug|Any CPU.ActiveCfg = Debug|Any CPU
		{A55EE877-C49A-49C1-8943-2FBD6061207E}.Debug|Any CPU.Build.0 = Debug|Any CPU
		{A55EE877-C49A-49C1-8943-2FBD6061207E}.Debug|Mixed Platforms.ActiveCfg = Debug|Any CPU
		{A55EE877-C49A-49C1-8943-2FBD6061207E}.Debug|Mixed Platforms.Build.0 = Debug|Any CPU
		{A55EE877-C49A-49C1-8943-2FBD6061207E}.Debug|x86.ActiveCfg = Debug|Any CPU
		{A55EE877-C49A-49C1-8943-2FBD6061207E}.Release|Any CPU.ActiveCfg = Release|Any CPU
		{A55EE877-C49A-49C1-8943-2FBD6061207E}.Release|Any CPU.Build.0 = Release|Any CPU
		{A55EE877-C49A-49C1-8943-2FBD6061207E}.Release|Mixed Platforms.ActiveCfg = Release|Any CPU
		{A55EE877-C49A-49C1-8943-2FBD6061207E}.Release|Mixed Platforms.Build.0 = Release|Any CPU
		{A55EE877-C49A-49C1-8943-2FBD6061207E}.Release|x86.ActiveCfg = Release|Any CPU
		{AE5D2F06-5E3C-4231-A735-F67607309CCC}.Debug|Any CPU.ActiveCfg = Debug|Any CPU
		{AE5D2F06-5E3C-4231-A735-F67607309CCC}.Debug|Any CPU.Build.0 = Debug|Any CPU
		{AE5D2F06-5E3C-4231-A735-F67607309CCC}.Debug|Mixed Platforms.ActiveCfg = Debug|Any CPU
		{AE5D2F06-5E3C-4231-A735-F67607309CCC}.Debug|Mixed Platforms.Build.0 = Debug|Any CPU
		{AE5D2F06-5E3C-4231-A735-F67607309CCC}.Debug|x86.ActiveCfg = Debug|Any CPU
		{AE5D2F06-5E3C-4231-A735-F67607309CCC}.Release|Any CPU.ActiveCfg = Release|Any CPU
		{AE5D2F06-5E3C-4231-A735-F67607309CCC}.Release|Any CPU.Build.0 = Release|Any CPU
		{AE5D2F06-5E3C-4231-A735-F67607309CCC}.Release|Mixed Platforms.ActiveCfg = Release|Any CPU
		{AE5D2F06-5E3C-4231-A735-F67607309CCC}.Release|Mixed Platforms.Build.0 = Release|Any CPU
		{AE5D2F06-5E3C-4231-A735-F67607309CCC}.Release|x86.ActiveCfg = Release|Any CPU
		{746879BE-DE4D-4839-84D8-32EC7474FFAE}.Debug|Any CPU.ActiveCfg = Debug|Any CPU
		{746879BE-DE4D-4839-84D8-32EC7474FFAE}.Debug|Any CPU.Build.0 = Debug|Any CPU
		{746879BE-DE4D-4839-84D8-32EC7474FFAE}.Debug|Mixed Platforms.ActiveCfg = Debug|Any CPU
		{746879BE-DE4D-4839-84D8-32EC7474FFAE}.Debug|Mixed Platforms.Build.0 = Debug|Any CPU
		{746879BE-DE4D-4839-84D8-32EC7474FFAE}.Debug|x86.ActiveCfg = Debug|Any CPU
		{746879BE-DE4D-4839-84D8-32EC7474FFAE}.Release|Any CPU.ActiveCfg = Release|Any CPU
		{746879BE-DE4D-4839-84D8-32EC7474FFAE}.Release|Any CPU.Build.0 = Release|Any CPU
		{746879BE-DE4D-4839-84D8-32EC7474FFAE}.Release|Mixed Platforms.ActiveCfg = Release|Any CPU
		{746879BE-DE4D-4839-84D8-32EC7474FFAE}.Release|Mixed Platforms.Build.0 = Release|Any CPU
		{746879BE-DE4D-4839-84D8-32EC7474FFAE}.Release|x86.ActiveCfg = Release|Any CPU
		{90501C22-F132-4956-BA4D-1FC7D7884B2F}.Debug|Any CPU.ActiveCfg = Debug|Any CPU
		{90501C22-F132-4956-BA4D-1FC7D7884B2F}.Debug|Any CPU.Build.0 = Debug|Any CPU
		{90501C22-F132-4956-BA4D-1FC7D7884B2F}.Debug|Mixed Platforms.ActiveCfg = Debug|Any CPU
		{90501C22-F132-4956-BA4D-1FC7D7884B2F}.Debug|Mixed Platforms.Build.0 = Debug|Any CPU
		{90501C22-F132-4956-BA4D-1FC7D7884B2F}.Debug|x86.ActiveCfg = Debug|Any CPU
		{90501C22-F132-4956-BA4D-1FC7D7884B2F}.Release|Any CPU.ActiveCfg = Release|Any CPU
		{90501C22-F132-4956-BA4D-1FC7D7884B2F}.Release|Any CPU.Build.0 = Release|Any CPU
		{90501C22-F132-4956-BA4D-1FC7D7884B2F}.Release|Mixed Platforms.ActiveCfg = Release|Any CPU
		{90501C22-F132-4956-BA4D-1FC7D7884B2F}.Release|Mixed Platforms.Build.0 = Release|Any CPU
		{90501C22-F132-4956-BA4D-1FC7D7884B2F}.Release|x86.ActiveCfg = Release|Any CPU
		{D2299080-8378-4E3F-A0AD-33EF5DA00DA2}.Debug|Any CPU.ActiveCfg = Debug|Any CPU
		{D2299080-8378-4E3F-A0AD-33EF5DA00DA2}.Debug|Any CPU.Build.0 = Debug|Any CPU
		{D2299080-8378-4E3F-A0AD-33EF5DA00DA2}.Debug|Mixed Platforms.ActiveCfg = Debug|Any CPU
		{D2299080-8378-4E3F-A0AD-33EF5DA00DA2}.Debug|Mixed Platforms.Build.0 = Debug|Any CPU
		{D2299080-8378-4E3F-A0AD-33EF5DA00DA2}.Debug|x86.ActiveCfg = Debug|Any CPU
		{D2299080-8378-4E3F-A0AD-33EF5DA00DA2}.Release|Any CPU.ActiveCfg = Release|Any CPU
		{D2299080-8378-4E3F-A0AD-33EF5DA00DA2}.Release|Any CPU.Build.0 = Release|Any CPU
		{D2299080-8378-4E3F-A0AD-33EF5DA00DA2}.Release|Mixed Platforms.ActiveCfg = Release|Any CPU
		{D2299080-8378-4E3F-A0AD-33EF5DA00DA2}.Release|Mixed Platforms.Build.0 = Release|Any CPU
		{D2299080-8378-4E3F-A0AD-33EF5DA00DA2}.Release|x86.ActiveCfg = Release|Any CPU
		{2D195BC7-A964-440E-AA73-97343AEF49F8}.Debug|Any CPU.ActiveCfg = Debug|Any CPU
		{2D195BC7-A964-440E-AA73-97343AEF49F8}.Debug|Any CPU.Build.0 = Debug|Any CPU
		{2D195BC7-A964-440E-AA73-97343AEF49F8}.Debug|Mixed Platforms.ActiveCfg = Debug|Any CPU
		{2D195BC7-A964-440E-AA73-97343AEF49F8}.Debug|Mixed Platforms.Build.0 = Debug|Any CPU
		{2D195BC7-A964-440E-AA73-97343AEF49F8}.Debug|x86.ActiveCfg = Debug|Any CPU
		{2D195BC7-A964-440E-AA73-97343AEF49F8}.Release|Any CPU.ActiveCfg = Release|Any CPU
		{2D195BC7-A964-440E-AA73-97343AEF49F8}.Release|Any CPU.Build.0 = Release|Any CPU
		{2D195BC7-A964-440E-AA73-97343AEF49F8}.Release|Mixed Platforms.ActiveCfg = Release|Any CPU
		{2D195BC7-A964-440E-AA73-97343AEF49F8}.Release|Mixed Platforms.Build.0 = Release|Any CPU
		{2D195BC7-A964-440E-AA73-97343AEF49F8}.Release|x86.ActiveCfg = Release|Any CPU
		{3FBA3F83-7C4E-4324-AA98-D77293744AB4}.Debug|Any CPU.ActiveCfg = Debug|Any CPU
		{3FBA3F83-7C4E-4324-AA98-D77293744AB4}.Debug|Any CPU.Build.0 = Debug|Any CPU
		{3FBA3F83-7C4E-4324-AA98-D77293744AB4}.Debug|Mixed Platforms.ActiveCfg = Debug|Any CPU
		{3FBA3F83-7C4E-4324-AA98-D77293744AB4}.Debug|Mixed Platforms.Build.0 = Debug|Any CPU
		{3FBA3F83-7C4E-4324-AA98-D77293744AB4}.Debug|x86.ActiveCfg = Debug|Any CPU
		{3FBA3F83-7C4E-4324-AA98-D77293744AB4}.Release|Any CPU.ActiveCfg = Release|Any CPU
		{3FBA3F83-7C4E-4324-AA98-D77293744AB4}.Release|Any CPU.Build.0 = Release|Any CPU
		{3FBA3F83-7C4E-4324-AA98-D77293744AB4}.Release|Mixed Platforms.ActiveCfg = Release|Any CPU
		{3FBA3F83-7C4E-4324-AA98-D77293744AB4}.Release|Mixed Platforms.Build.0 = Release|Any CPU
		{3FBA3F83-7C4E-4324-AA98-D77293744AB4}.Release|x86.ActiveCfg = Release|Any CPU
		{5A5BCFA5-7514-425C-B0D8-D9FDC8D4A3FB}.Debug|Any CPU.ActiveCfg = Debug|Any CPU
		{5A5BCFA5-7514-425C-B0D8-D9FDC8D4A3FB}.Debug|Any CPU.Build.0 = Debug|Any CPU
		{5A5BCFA5-7514-425C-B0D8-D9FDC8D4A3FB}.Debug|Mixed Platforms.ActiveCfg = Debug|Any CPU
		{5A5BCFA5-7514-425C-B0D8-D9FDC8D4A3FB}.Debug|Mixed Platforms.Build.0 = Debug|Any CPU
		{5A5BCFA5-7514-425C-B0D8-D9FDC8D4A3FB}.Debug|x86.ActiveCfg = Debug|Any CPU
		{5A5BCFA5-7514-425C-B0D8-D9FDC8D4A3FB}.Release|Any CPU.ActiveCfg = Release|Any CPU
		{5A5BCFA5-7514-425C-B0D8-D9FDC8D4A3FB}.Release|Any CPU.Build.0 = Release|Any CPU
		{5A5BCFA5-7514-425C-B0D8-D9FDC8D4A3FB}.Release|Mixed Platforms.ActiveCfg = Release|Any CPU
		{5A5BCFA5-7514-425C-B0D8-D9FDC8D4A3FB}.Release|Mixed Platforms.Build.0 = Release|Any CPU
		{5A5BCFA5-7514-425C-B0D8-D9FDC8D4A3FB}.Release|x86.ActiveCfg = Release|Any CPU
		{6D5D4140-094A-4729-9270-48274DAEEC30}.Debug|Any CPU.ActiveCfg = Debug|Any CPU
		{6D5D4140-094A-4729-9270-48274DAEEC30}.Debug|Any CPU.Build.0 = Debug|Any CPU
		{6D5D4140-094A-4729-9270-48274DAEEC30}.Debug|Mixed Platforms.ActiveCfg = Debug|Any CPU
		{6D5D4140-094A-4729-9270-48274DAEEC30}.Debug|Mixed Platforms.Build.0 = Debug|Any CPU
		{6D5D4140-094A-4729-9270-48274DAEEC30}.Debug|x86.ActiveCfg = Debug|Any CPU
		{6D5D4140-094A-4729-9270-48274DAEEC30}.Release|Any CPU.ActiveCfg = Release|Any CPU
		{6D5D4140-094A-4729-9270-48274DAEEC30}.Release|Any CPU.Build.0 = Release|Any CPU
		{6D5D4140-094A-4729-9270-48274DAEEC30}.Release|Mixed Platforms.ActiveCfg = Release|Any CPU
		{6D5D4140-094A-4729-9270-48274DAEEC30}.Release|Mixed Platforms.Build.0 = Release|Any CPU
		{6D5D4140-094A-4729-9270-48274DAEEC30}.Release|x86.ActiveCfg = Release|Any CPU
		{9927ACAA-4371-4DAB-A0AE-C25E6B62CD4A}.Debug|Any CPU.ActiveCfg = Debug|Any CPU
		{9927ACAA-4371-4DAB-A0AE-C25E6B62CD4A}.Debug|Any CPU.Build.0 = Debug|Any CPU
		{9927ACAA-4371-4DAB-A0AE-C25E6B62CD4A}.Debug|Mixed Platforms.ActiveCfg = Debug|Any CPU
		{9927ACAA-4371-4DAB-A0AE-C25E6B62CD4A}.Debug|Mixed Platforms.Build.0 = Debug|Any CPU
		{9927ACAA-4371-4DAB-A0AE-C25E6B62CD4A}.Debug|x86.ActiveCfg = Debug|Any CPU
		{9927ACAA-4371-4DAB-A0AE-C25E6B62CD4A}.Release|Any CPU.ActiveCfg = Release|Any CPU
		{9927ACAA-4371-4DAB-A0AE-C25E6B62CD4A}.Release|Any CPU.Build.0 = Release|Any CPU
		{9927ACAA-4371-4DAB-A0AE-C25E6B62CD4A}.Release|Mixed Platforms.ActiveCfg = Release|Any CPU
		{9927ACAA-4371-4DAB-A0AE-C25E6B62CD4A}.Release|Mixed Platforms.Build.0 = Release|Any CPU
		{9927ACAA-4371-4DAB-A0AE-C25E6B62CD4A}.Release|x86.ActiveCfg = Release|Any CPU
	EndGlobalSection
	GlobalSection(SolutionProperties) = preSolution
		HideSolutionNode = FALSE
	EndGlobalSection
	GlobalSection(NestedProjects) = preSolution
		{4A796F62-28BC-4F45-A570-5C2CDC4A53A1} = {9C6396EE-90F4-4263-A048-49DF9A67A624}
		{F8B7340E-4A33-4DB9-B29C-0E6259F2D8B6} = {9C6396EE-90F4-4263-A048-49DF9A67A624}
		{CE11B657-268A-4FBA-A110-2A92E4FE53C4} = {9C6396EE-90F4-4263-A048-49DF9A67A624}
		{9E8F2D2D-B074-4D22-A271-8BD911C3AF6A} = {9C6396EE-90F4-4263-A048-49DF9A67A624}
		{FA9ECF9A-ADA5-452A-B3D2-88D2DAEC61FD} = {9C6396EE-90F4-4263-A048-49DF9A67A624}
		{2FB78B32-4790-4EA5-AF52-7A4AC4037987} = {9C6396EE-90F4-4263-A048-49DF9A67A624}
		{3FBA3F83-7C4E-4324-AA98-D77293744AB4} = {9C6396EE-90F4-4263-A048-49DF9A67A624}
		{5A5BCFA5-7514-425C-B0D8-D9FDC8D4A3FB} = {9C6396EE-90F4-4263-A048-49DF9A67A624}
		{9927ACAA-4371-4DAB-A0AE-C25E6B62CD4A} = {9C6396EE-90F4-4263-A048-49DF9A67A624}
		{9D7C61A2-BFDC-4638-8DA8-FF69526AA0CD} = {6450DD6E-D77D-4BC6-8476-D2D1613053B9}
		{16C53383-42A7-4855-9E3A-5A473EA8716D} = {6450DD6E-D77D-4BC6-8476-D2D1613053B9}
		{BF19381C-95A1-4B7B-8ECB-A0DABCB9B906} = {6450DD6E-D77D-4BC6-8476-D2D1613053B9}
		{7DBEA20E-3095-4D37-B651-0C172D2A3598} = {31D6EF4E-22DA-44C1-9BE3-CA500F10AE03}
		{2D195BC7-A964-440E-AA73-97343AEF49F8} = {31D6EF4E-22DA-44C1-9BE3-CA500F10AE03}
		{73103A15-B341-49A2-B6BE-BD08396791BC} = {3C6DDB3E-CD1F-417F-A0D4-56983F097324}
		{235E21C0-3BC2-4F79-8FF0-8DA3A47CB027} = {4ECC40A2-0E51-4FCD-9458-88C179853911}
		{E1C574B3-1307-4D90-840D-4B3983FB8683} = {4ECC40A2-0E51-4FCD-9458-88C179853911}
		{DF234209-1B4A-49AD-A51E-E5728D56BE0B} = {4ECC40A2-0E51-4FCD-9458-88C179853911}
		{96871612-072B-4FDF-B165-E979030F6B52} = {4ECC40A2-0E51-4FCD-9458-88C179853911}
		{561CBE8E-D003-428E-81E4-713DE12075F6} = {4ECC40A2-0E51-4FCD-9458-88C179853911}
		{AE5D2F06-5E3C-4231-A735-F67607309CCC} = {4ECC40A2-0E51-4FCD-9458-88C179853911}
		{746879BE-DE4D-4839-84D8-32EC7474FFAE} = {4ECC40A2-0E51-4FCD-9458-88C179853911}
		{90501C22-F132-4956-BA4D-1FC7D7884B2F} = {4ECC40A2-0E51-4FCD-9458-88C179853911}
		{D2299080-8378-4E3F-A0AD-33EF5DA00DA2} = {4ECC40A2-0E51-4FCD-9458-88C179853911}
		{6D5D4140-094A-4729-9270-48274DAEEC30} = {4ECC40A2-0E51-4FCD-9458-88C179853911}
		{E65A1C84-D68D-4712-BBD2-9891EE95E481} = {29E66C52-E86C-4F07-8B75-E39F9F74738C}
		{3EF05A0E-98C0-4C87-8098-86D7FDEA8A3F} = {29E66C52-E86C-4F07-8B75-E39F9F74738C}
		{A55EE877-C49A-49C1-8943-2FBD6061207E} = {29E66C52-E86C-4F07-8B75-E39F9F74738C}
	EndGlobalSection
EndGlobal
